// !$*UTF8*$!
{
	archiveVersion = 1;
	classes = {
	};
	objectVersion = 46;
	objects = {

/* Begin PBXBuildFile section */
		9B09CB2B1AFA382500DCB250 /* h1.jpg in Resources */ = {isa = PBXBuildFile; fileRef = 9B09CB271AFA382500DCB250 /* h1.jpg */; };
		9B09CB2C1AFA382500DCB250 /* h3.jpg in Resources */ = {isa = PBXBuildFile; fileRef = 9B09CB281AFA382500DCB250 /* h3.jpg */; };
		9B09CB2D1AFA382500DCB250 /* h2.jpg in Resources */ = {isa = PBXBuildFile; fileRef = 9B09CB291AFA382500DCB250 /* h2.jpg */; };
		9B09CB2E1AFA382500DCB250 /* h4.jpg in Resources */ = {isa = PBXBuildFile; fileRef = 9B09CB2A1AFA382500DCB250 /* h4.jpg */; };
		9B09CB3E1AFA391600DCB250 /* SDCollectionViewCell.m in Sources */ = {isa = PBXBuildFile; fileRef = 9B09CB311AFA391600DCB250 /* SDCollectionViewCell.m */; };
		9B09CB3F1AFA391600DCB250 /* SDCycleScrollView.m in Sources */ = {isa = PBXBuildFile; fileRef = 9B09CB331AFA391600DCB250 /* SDCycleScrollView.m */; };
		9B09CB401AFA391600DCB250 /* TAAbstractDotView.m in Sources */ = {isa = PBXBuildFile; fileRef = 9B09CB351AFA391600DCB250 /* TAAbstractDotView.m */; };
		9B09CB411AFA391600DCB250 /* TAAnimatedDotView.m in Sources */ = {isa = PBXBuildFile; fileRef = 9B09CB371AFA391600DCB250 /* TAAnimatedDotView.m */; };
		9B09CB421AFA391600DCB250 /* TADotView.m in Sources */ = {isa = PBXBuildFile; fileRef = 9B09CB391AFA391600DCB250 /* TADotView.m */; };
		9B09CB431AFA391600DCB250 /* TAPageControl.m in Sources */ = {isa = PBXBuildFile; fileRef = 9B09CB3B1AFA391600DCB250 /* TAPageControl.m */; };
		9B09CB441AFA391600DCB250 /* UIView+SDExtension.m in Sources */ = {isa = PBXBuildFile; fileRef = 9B09CB3D1AFA391600DCB250 /* UIView+SDExtension.m */; };
		9B19AD361AEE60EC00DB9F46 /* main.m in Sources */ = {isa = PBXBuildFile; fileRef = 9B19AD351AEE60EC00DB9F46 /* main.m */; };
		9B19AD391AEE60EC00DB9F46 /* AppDelegate.m in Sources */ = {isa = PBXBuildFile; fileRef = 9B19AD381AEE60EC00DB9F46 /* AppDelegate.m */; };
		9B19AD3C1AEE60EC00DB9F46 /* ViewController.m in Sources */ = {isa = PBXBuildFile; fileRef = 9B19AD3B1AEE60EC00DB9F46 /* ViewController.m */; };
		9B19AD3F1AEE60EC00DB9F46 /* Main.storyboard in Resources */ = {isa = PBXBuildFile; fileRef = 9B19AD3D1AEE60EC00DB9F46 /* Main.storyboard */; };
		9B19AD411AEE60EC00DB9F46 /* Images.xcassets in Resources */ = {isa = PBXBuildFile; fileRef = 9B19AD401AEE60EC00DB9F46 /* Images.xcassets */; };
		9B19AD441AEE60EC00DB9F46 /* LaunchScreen.xib in Resources */ = {isa = PBXBuildFile; fileRef = 9B19AD421AEE60EC00DB9F46 /* LaunchScreen.xib */; };
		9B19AD501AEE60EC00DB9F46 /* BaiDuBaiJiaTests.m in Sources */ = {isa = PBXBuildFile; fileRef = 9B19AD4F1AEE60EC00DB9F46 /* BaiDuBaiJiaTests.m */; };
		9B19AD691AEE69E700DB9F46 /* NetworkBL.m in Sources */ = {isa = PBXBuildFile; fileRef = 9B19AD681AEE69E700DB9F46 /* NetworkBL.m */; };
		9B19AD701AEE741000DB9F46 /* NewsShowCell.m in Sources */ = {isa = PBXBuildFile; fileRef = 9B19AD6E1AEE741000DB9F46 /* NewsShowCell.m */; };
		9B19AD711AEE741000DB9F46 /* NewsShowCell.xib in Resources */ = {isa = PBXBuildFile; fileRef = 9B19AD6F1AEE741000DB9F46 /* NewsShowCell.xib */; };
		9B8546BE1AEF165500E4E001 /* NewsDetailViewController.m in Sources */ = {isa = PBXBuildFile; fileRef = 9B8546BD1AEF165500E4E001 /* NewsDetailViewController.m */; };
		9B9C36491AF3047800107EA3 /* UIViewController+XTSideMenu.m in Sources */ = {isa = PBXBuildFile; fileRef = 9B9C363F1AF3047800107EA3 /* UIViewController+XTSideMenu.m */; };
		9B9C364A1AF3047800107EA3 /* XTSideMenu.m in Sources */ = {isa = PBXBuildFile; fileRef = 9B9C36411AF3047800107EA3 /* XTSideMenu.m */; };
		9B9C364B1AF3047800107EA3 /* UIImage+ImageEffects.m in Sources */ = {isa = PBXBuildFile; fileRef = 9B9C36441AF3047800107EA3 /* UIImage+ImageEffects.m */; };
		9B9C364C1AF3047800107EA3 /* UIView+XTFrame.m in Sources */ = {isa = PBXBuildFile; fileRef = 9B9C36461AF3047800107EA3 /* UIView+XTFrame.m */; };
		9B9C364D1AF3047800107EA3 /* XTBlurView.m in Sources */ = {isa = PBXBuildFile; fileRef = 9B9C36481AF3047800107EA3 /* XTBlurView.m */; };
		9B9C36551AF30BBA00107EA3 /* BJLeftViewController.m in Sources */ = {isa = PBXBuildFile; fileRef = 9B9C36541AF30BBA00107EA3 /* BJLeftViewController.m */; };
		9B9E09BA1AEF95790077FC2D /* NewsDetailToolBar.m in Sources */ = {isa = PBXBuildFile; fileRef = 9B9E09B91AEF95790077FC2D /* NewsDetailToolBar.m */; };
		9BE110D01AF3547F006D97B8 /* LeftViewCell.m in Sources */ = {isa = PBXBuildFile; fileRef = 9BE110CE1AF3547F006D97B8 /* LeftViewCell.m */; };
		9BE110D11AF3547F006D97B8 /* LeftViewCell.xib in Resources */ = {isa = PBXBuildFile; fileRef = 9BE110CF1AF3547F006D97B8 /* LeftViewCell.xib */; };
		D277C89BABC1E19BAE9DDE95 /* libPods.a in Frameworks */ = {isa = PBXBuildFile; fileRef = 34C8B648C6A7143085919AE1 /* libPods.a */; };
/* End PBXBuildFile section */

/* Begin PBXContainerItemProxy section */
		9B19AD4A1AEE60EC00DB9F46 /* PBXContainerItemProxy */ = {
			isa = PBXContainerItemProxy;
			containerPortal = 9B19AD281AEE60EB00DB9F46 /* Project object */;
			proxyType = 1;
			remoteGlobalIDString = 9B19AD2F1AEE60EC00DB9F46;
			remoteInfo = BaiDuBaiJia;
		};
/* End PBXContainerItemProxy section */

/* Begin PBXFileReference section */
		34C8B648C6A7143085919AE1 /* libPods.a */ = {isa = PBXFileReference; explicitFileType = archive.ar; includeInIndex = 0; path = libPods.a; sourceTree = BUILT_PRODUCTS_DIR; };
		39E465BD8AE8E3BE0BD69BC1 /* Pods.debug.xcconfig */ = {isa = PBXFileReference; includeInIndex = 1; lastKnownFileType = text.xcconfig; name = Pods.debug.xcconfig; path = "Pods/Target Support Files/Pods/Pods.debug.xcconfig"; sourceTree = "<group>"; };
		9B09CB271AFA382500DCB250 /* h1.jpg */ = {isa = PBXFileReference; lastKnownFileType = image.jpeg; path = h1.jpg; sourceTree = "<group>"; };
		9B09CB281AFA382500DCB250 /* h3.jpg */ = {isa = PBXFileReference; lastKnownFileType = image.jpeg; path = h3.jpg; sourceTree = "<group>"; };
		9B09CB291AFA382500DCB250 /* h2.jpg */ = {isa = PBXFileReference; lastKnownFileType = image.jpeg; path = h2.jpg; sourceTree = "<group>"; };
		9B09CB2A1AFA382500DCB250 /* h4.jpg */ = {isa = PBXFileReference; lastKnownFileType = image.jpeg; path = h4.jpg; sourceTree = "<group>"; };
		9B09CB301AFA391600DCB250 /* SDCollectionViewCell.h */ = {isa = PBXFileReference; fileEncoding = 4; lastKnownFileType = sourcecode.c.h; path = SDCollectionViewCell.h; sourceTree = "<group>"; };
		9B09CB311AFA391600DCB250 /* SDCollectionViewCell.m */ = {isa = PBXFileReference; fileEncoding = 4; lastKnownFileType = sourcecode.c.objc; path = SDCollectionViewCell.m; sourceTree = "<group>"; };
		9B09CB321AFA391600DCB250 /* SDCycleScrollView.h */ = {isa = PBXFileReference; fileEncoding = 4; lastKnownFileType = sourcecode.c.h; path = SDCycleScrollView.h; sourceTree = "<group>"; };
		9B09CB331AFA391600DCB250 /* SDCycleScrollView.m */ = {isa = PBXFileReference; fileEncoding = 4; lastKnownFileType = sourcecode.c.objc; path = SDCycleScrollView.m; sourceTree = "<group>"; };
		9B09CB341AFA391600DCB250 /* TAAbstractDotView.h */ = {isa = PBXFileReference; fileEncoding = 4; lastKnownFileType = sourcecode.c.h; path = TAAbstractDotView.h; sourceTree = "<group>"; };
		9B09CB351AFA391600DCB250 /* TAAbstractDotView.m */ = {isa = PBXFileReference; fileEncoding = 4; lastKnownFileType = sourcecode.c.objc; path = TAAbstractDotView.m; sourceTree = "<group>"; };
		9B09CB361AFA391600DCB250 /* TAAnimatedDotView.h */ = {isa = PBXFileReference; fileEncoding = 4; lastKnownFileType = sourcecode.c.h; path = TAAnimatedDotView.h; sourceTree = "<group>"; };
		9B09CB371AFA391600DCB250 /* TAAnimatedDotView.m */ = {isa = PBXFileReference; fileEncoding = 4; lastKnownFileType = sourcecode.c.objc; path = TAAnimatedDotView.m; sourceTree = "<group>"; };
		9B09CB381AFA391600DCB250 /* TADotView.h */ = {isa = PBXFileReference; fileEncoding = 4; lastKnownFileType = sourcecode.c.h; path = TADotView.h; sourceTree = "<group>"; };
		9B09CB391AFA391600DCB250 /* TADotView.m */ = {isa = PBXFileReference; fileEncoding = 4; lastKnownFileType = sourcecode.c.objc; path = TADotView.m; sourceTree = "<group>"; };
		9B09CB3A1AFA391600DCB250 /* TAPageControl.h */ = {isa = PBXFileReference; fileEncoding = 4; lastKnownFileType = sourcecode.c.h; path = TAPageControl.h; sourceTree = "<group>"; };
		9B09CB3B1AFA391600DCB250 /* TAPageControl.m */ = {isa = PBXFileReference; fileEncoding = 4; lastKnownFileType = sourcecode.c.objc; path = TAPageControl.m; sourceTree = "<group>"; };
		9B09CB3C1AFA391600DCB250 /* UIView+SDExtension.h */ = {isa = PBXFileReference; fileEncoding = 4; lastKnownFileType = sourcecode.c.h; path = "UIView+SDExtension.h"; sourceTree = "<group>"; };
		9B09CB3D1AFA391600DCB250 /* UIView+SDExtension.m */ = {isa = PBXFileReference; fileEncoding = 4; lastKnownFileType = sourcecode.c.objc; path = "UIView+SDExtension.m"; sourceTree = "<group>"; };
		9B19AD301AEE60EC00DB9F46 /* BaiDuBaiJia.app */ = {isa = PBXFileReference; explicitFileType = wrapper.application; includeInIndex = 0; path = BaiDuBaiJia.app; sourceTree = BUILT_PRODUCTS_DIR; };
		9B19AD341AEE60EC00DB9F46 /* Info.plist */ = {isa = PBXFileReference; lastKnownFileType = text.plist.xml; path = Info.plist; sourceTree = "<group>"; };
		9B19AD351AEE60EC00DB9F46 /* main.m */ = {isa = PBXFileReference; lastKnownFileType = sourcecode.c.objc; path = main.m; sourceTree = "<group>"; };
		9B19AD371AEE60EC00DB9F46 /* AppDelegate.h */ = {isa = PBXFileReference; lastKnownFileType = sourcecode.c.h; path = AppDelegate.h; sourceTree = "<group>"; };
		9B19AD381AEE60EC00DB9F46 /* AppDelegate.m */ = {isa = PBXFileReference; lastKnownFileType = sourcecode.c.objc; path = AppDelegate.m; sourceTree = "<group>"; };
		9B19AD3A1AEE60EC00DB9F46 /* ViewController.h */ = {isa = PBXFileReference; lastKnownFileType = sourcecode.c.h; path = ViewController.h; sourceTree = "<group>"; };
		9B19AD3B1AEE60EC00DB9F46 /* ViewController.m */ = {isa = PBXFileReference; lastKnownFileType = sourcecode.c.objc; path = ViewController.m; sourceTree = "<group>"; };
		9B19AD3E1AEE60EC00DB9F46 /* Base */ = {isa = PBXFileReference; lastKnownFileType = file.storyboard; name = Base; path = Base.lproj/Main.storyboard; sourceTree = "<group>"; };
		9B19AD401AEE60EC00DB9F46 /* Images.xcassets */ = {isa = PBXFileReference; lastKnownFileType = folder.assetcatalog; path = Images.xcassets; sourceTree = "<group>"; };
		9B19AD431AEE60EC00DB9F46 /* Base */ = {isa = PBXFileReference; lastKnownFileType = file.xib; name = Base; path = Base.lproj/LaunchScreen.xib; sourceTree = "<group>"; };
		9B19AD491AEE60EC00DB9F46 /* BaiDuBaiJiaTests.xctest */ = {isa = PBXFileReference; explicitFileType = wrapper.cfbundle; includeInIndex = 0; path = BaiDuBaiJiaTests.xctest; sourceTree = BUILT_PRODUCTS_DIR; };
		9B19AD4E1AEE60EC00DB9F46 /* Info.plist */ = {isa = PBXFileReference; lastKnownFileType = text.plist.xml; path = Info.plist; sourceTree = "<group>"; };
		9B19AD4F1AEE60EC00DB9F46 /* BaiDuBaiJiaTests.m */ = {isa = PBXFileReference; lastKnownFileType = sourcecode.c.objc; path = BaiDuBaiJiaTests.m; sourceTree = "<group>"; };
		9B19AD671AEE69E700DB9F46 /* NetworkBL.h */ = {isa = PBXFileReference; fileEncoding = 4; lastKnownFileType = sourcecode.c.h; path = NetworkBL.h; sourceTree = "<group>"; };
		9B19AD681AEE69E700DB9F46 /* NetworkBL.m */ = {isa = PBXFileReference; fileEncoding = 4; lastKnownFileType = sourcecode.c.objc; path = NetworkBL.m; sourceTree = "<group>"; };
		9B19AD6D1AEE741000DB9F46 /* NewsShowCell.h */ = {isa = PBXFileReference; fileEncoding = 4; lastKnownFileType = sourcecode.c.h; path = NewsShowCell.h; sourceTree = "<group>"; };
		9B19AD6E1AEE741000DB9F46 /* NewsShowCell.m */ = {isa = PBXFileReference; fileEncoding = 4; lastKnownFileType = sourcecode.c.objc; path = NewsShowCell.m; sourceTree = "<group>"; };
		9B19AD6F1AEE741000DB9F46 /* NewsShowCell.xib */ = {isa = PBXFileReference; fileEncoding = 4; lastKnownFileType = file.xib; path = NewsShowCell.xib; sourceTree = "<group>"; };
		9B8546BC1AEF165500E4E001 /* NewsDetailViewController.h */ = {isa = PBXFileReference; fileEncoding = 4; lastKnownFileType = sourcecode.c.h; path = NewsDetailViewController.h; sourceTree = "<group>"; };
		9B8546BD1AEF165500E4E001 /* NewsDetailViewController.m */ = {isa = PBXFileReference; fileEncoding = 4; lastKnownFileType = sourcecode.c.objc; path = NewsDetailViewController.m; sourceTree = "<group>"; };
		9B9C363E1AF3047800107EA3 /* UIViewController+XTSideMenu.h */ = {isa = PBXFileReference; fileEncoding = 4; lastKnownFileType = sourcecode.c.h; path = "UIViewController+XTSideMenu.h"; sourceTree = "<group>"; };
		9B9C363F1AF3047800107EA3 /* UIViewController+XTSideMenu.m */ = {isa = PBXFileReference; fileEncoding = 4; lastKnownFileType = sourcecode.c.objc; path = "UIViewController+XTSideMenu.m"; sourceTree = "<group>"; };
		9B9C36401AF3047800107EA3 /* XTSideMenu.h */ = {isa = PBXFileReference; fileEncoding = 4; lastKnownFileType = sourcecode.c.h; path = XTSideMenu.h; sourceTree = "<group>"; };
		9B9C36411AF3047800107EA3 /* XTSideMenu.m */ = {isa = PBXFileReference; fileEncoding = 4; lastKnownFileType = sourcecode.c.objc; path = XTSideMenu.m; sourceTree = "<group>"; };
		9B9C36431AF3047800107EA3 /* UIImage+ImageEffects.h */ = {isa = PBXFileReference; fileEncoding = 4; lastKnownFileType = sourcecode.c.h; path = "UIImage+ImageEffects.h"; sourceTree = "<group>"; };
		9B9C36441AF3047800107EA3 /* UIImage+ImageEffects.m */ = {isa = PBXFileReference; fileEncoding = 4; lastKnownFileType = sourcecode.c.objc; path = "UIImage+ImageEffects.m"; sourceTree = "<group>"; };
		9B9C36451AF3047800107EA3 /* UIView+XTFrame.h */ = {isa = PBXFileReference; fileEncoding = 4; lastKnownFileType = sourcecode.c.h; path = "UIView+XTFrame.h"; sourceTree = "<group>"; };
		9B9C36461AF3047800107EA3 /* UIView+XTFrame.m */ = {isa = PBXFileReference; fileEncoding = 4; lastKnownFileType = sourcecode.c.objc; path = "UIView+XTFrame.m"; sourceTree = "<group>"; };
		9B9C36471AF3047800107EA3 /* XTBlurView.h */ = {isa = PBXFileReference; fileEncoding = 4; lastKnownFileType = sourcecode.c.h; path = XTBlurView.h; sourceTree = "<group>"; };
		9B9C36481AF3047800107EA3 /* XTBlurView.m */ = {isa = PBXFileReference; fileEncoding = 4; lastKnownFileType = sourcecode.c.objc; path = XTBlurView.m; sourceTree = "<group>"; };
		9B9C36531AF30BBA00107EA3 /* BJLeftViewController.h */ = {isa = PBXFileReference; fileEncoding = 4; lastKnownFileType = sourcecode.c.h; path = BJLeftViewController.h; sourceTree = "<group>"; };
		9B9C36541AF30BBA00107EA3 /* BJLeftViewController.m */ = {isa = PBXFileReference; fileEncoding = 4; lastKnownFileType = sourcecode.c.objc; path = BJLeftViewController.m; sourceTree = "<group>"; };
		9B9E09B81AEF95790077FC2D /* NewsDetailToolBar.h */ = {isa = PBXFileReference; fileEncoding = 4; lastKnownFileType = sourcecode.c.h; path = NewsDetailToolBar.h; sourceTree = "<group>"; };
		9B9E09B91AEF95790077FC2D /* NewsDetailToolBar.m */ = {isa = PBXFileReference; fileEncoding = 4; lastKnownFileType = sourcecode.c.objc; path = NewsDetailToolBar.m; sourceTree = "<group>"; };
		9BE110CD1AF3547F006D97B8 /* LeftViewCell.h */ = {isa = PBXFileReference; fileEncoding = 4; lastKnownFileType = sourcecode.c.h; path = LeftViewCell.h; sourceTree = "<group>"; };
		9BE110CE1AF3547F006D97B8 /* LeftViewCell.m */ = {isa = PBXFileReference; fileEncoding = 4; lastKnownFileType = sourcecode.c.objc; path = LeftViewCell.m; sourceTree = "<group>"; };
		9BE110CF1AF3547F006D97B8 /* LeftViewCell.xib */ = {isa = PBXFileReference; fileEncoding = 4; lastKnownFileType = file.xib; path = LeftViewCell.xib; sourceTree = "<group>"; };
		FFDAA37812B63F2382157D97 /* Pods.release.xcconfig */ = {isa = PBXFileReference; includeInIndex = 1; lastKnownFileType = text.xcconfig; name = Pods.release.xcconfig; path = "Pods/Target Support Files/Pods/Pods.release.xcconfig"; sourceTree = "<group>"; };
/* End PBXFileReference section */

/* Begin PBXFrameworksBuildPhase section */
		9B19AD2D1AEE60EC00DB9F46 /* Frameworks */ = {
			isa = PBXFrameworksBuildPhase;
			buildActionMask = 2147483647;
			files = (
				D277C89BABC1E19BAE9DDE95 /* libPods.a in Frameworks */,
			);
			runOnlyForDeploymentPostprocessing = 0;
		};
		9B19AD461AEE60EC00DB9F46 /* Frameworks */ = {
			isa = PBXFrameworksBuildPhase;
			buildActionMask = 2147483647;
			files = (
			);
			runOnlyForDeploymentPostprocessing = 0;
		};
/* End PBXFrameworksBuildPhase section */

/* Begin PBXGroup section */
		9B09CB2F1AFA391600DCB250 /* SDCycleScrollView */ = {
			isa = PBXGroup;
			children = (
				9B09CB301AFA391600DCB250 /* SDCollectionViewCell.h */,
				9B09CB311AFA391600DCB250 /* SDCollectionViewCell.m */,
				9B09CB321AFA391600DCB250 /* SDCycleScrollView.h */,
				9B09CB331AFA391600DCB250 /* SDCycleScrollView.m */,
				9B09CB341AFA391600DCB250 /* TAAbstractDotView.h */,
				9B09CB351AFA391600DCB250 /* TAAbstractDotView.m */,
				9B09CB361AFA391600DCB250 /* TAAnimatedDotView.h */,
				9B09CB371AFA391600DCB250 /* TAAnimatedDotView.m */,
				9B09CB381AFA391600DCB250 /* TADotView.h */,
				9B09CB391AFA391600DCB250 /* TADotView.m */,
				9B09CB3A1AFA391600DCB250 /* TAPageControl.h */,
				9B09CB3B1AFA391600DCB250 /* TAPageControl.m */,
				9B09CB3C1AFA391600DCB250 /* UIView+SDExtension.h */,
				9B09CB3D1AFA391600DCB250 /* UIView+SDExtension.m */,
			);
			path = SDCycleScrollView;
			sourceTree = "<group>";
		};
		9B19AD271AEE60EB00DB9F46 = {
			isa = PBXGroup;
			children = (
				9B19AD321AEE60EC00DB9F46 /* BaiDuBaiJia */,
				9B19AD651AEE693E00DB9F46 /* BusinessLayer */,
				9B19AD661AEE69A100DB9F46 /* PersistenceLayer */,
				9B9C363C1AF3047800107EA3 /* Lib */,
				9B19AD4C1AEE60EC00DB9F46 /* BaiDuBaiJiaTests */,
				9B19AD311AEE60EC00DB9F46 /* Products */,
				ED5CEE0A273D4788DEB098BD /* Pods */,
				9D6FE87887B2288DD8608E9F /* Frameworks */,
			);
			sourceTree = "<group>";
		};
		9B19AD311AEE60EC00DB9F46 /* Products */ = {
			isa = PBXGroup;
			children = (
				9B19AD301AEE60EC00DB9F46 /* BaiDuBaiJia.app */,
				9B19AD491AEE60EC00DB9F46 /* BaiDuBaiJiaTests.xctest */,
			);
			name = Products;
			sourceTree = "<group>";
		};
		9B19AD321AEE60EC00DB9F46 /* BaiDuBaiJia */ = {
			isa = PBXGroup;
			children = (
				9B8546BF1AEF166000E4E001 /* Controller */,
				9B9E09B41AEF94F30077FC2D /* View */,
				9B19AD3D1AEE60EC00DB9F46 /* Main.storyboard */,
				9B19AD331AEE60EC00DB9F46 /* Supporting Files */,
			);
			path = BaiDuBaiJia;
			sourceTree = "<group>";
		};
		9B19AD331AEE60EC00DB9F46 /* Supporting Files */ = {
			isa = PBXGroup;
			children = (
				9B09CB271AFA382500DCB250 /* h1.jpg */,
				9B09CB281AFA382500DCB250 /* h3.jpg */,
				9B09CB291AFA382500DCB250 /* h2.jpg */,
				9B09CB2A1AFA382500DCB250 /* h4.jpg */,
				9B19AD401AEE60EC00DB9F46 /* Images.xcassets */,
				9B19AD421AEE60EC00DB9F46 /* LaunchScreen.xib */,
				9B19AD371AEE60EC00DB9F46 /* AppDelegate.h */,
				9B19AD381AEE60EC00DB9F46 /* AppDelegate.m */,
				9B19AD341AEE60EC00DB9F46 /* Info.plist */,
				9B19AD351AEE60EC00DB9F46 /* main.m */,
			);
			name = "Supporting Files";
			sourceTree = "<group>";
		};
		9B19AD4C1AEE60EC00DB9F46 /* BaiDuBaiJiaTests */ = {
			isa = PBXGroup;
			children = (
				9B19AD4F1AEE60EC00DB9F46 /* BaiDuBaiJiaTests.m */,
				9B19AD4D1AEE60EC00DB9F46 /* Supporting Files */,
			);
			path = BaiDuBaiJiaTests;
			sourceTree = "<group>";
		};
		9B19AD4D1AEE60EC00DB9F46 /* Supporting Files */ = {
			isa = PBXGroup;
			children = (
				9B19AD4E1AEE60EC00DB9F46 /* Info.plist */,
			);
			name = "Supporting Files";
			sourceTree = "<group>";
		};
		9B19AD651AEE693E00DB9F46 /* BusinessLayer */ = {
			isa = PBXGroup;
			children = (
				9B19AD671AEE69E700DB9F46 /* NetworkBL.h */,
				9B19AD681AEE69E700DB9F46 /* NetworkBL.m */,
			);
			name = BusinessLayer;
			path = BaiDuBaiJia;
			sourceTree = "<group>";
		};
		9B19AD661AEE69A100DB9F46 /* PersistenceLayer */ = {
			isa = PBXGroup;
			children = (
			);
			name = PersistenceLayer;
			path = BaiDuBaiJia;
			sourceTree = "<group>";
		};
		9B8546BF1AEF166000E4E001 /* Controller */ = {
			isa = PBXGroup;
			children = (
				9B9C364F1AF30A9000107EA3 /* XTSideMenu */,
				9B19AD3A1AEE60EC00DB9F46 /* ViewController.h */,
				9B19AD3B1AEE60EC00DB9F46 /* ViewController.m */,
				9B19AD6D1AEE741000DB9F46 /* NewsShowCell.h */,
				9B19AD6E1AEE741000DB9F46 /* NewsShowCell.m */,
				9B19AD6F1AEE741000DB9F46 /* NewsShowCell.xib */,
				9B9C364E1AF30A6E00107EA3 /* newsDetail */,
			);
			name = Controller;
			sourceTree = "<group>";
		};
		9B9C363C1AF3047800107EA3 /* Lib */ = {
			isa = PBXGroup;
			children = (
				9B09CB2F1AFA391600DCB250 /* SDCycleScrollView */,
				9B9C363D1AF3047800107EA3 /* XTSideMenu */,
			);
			name = Lib;
			path = BaiDuBaiJia/Lib;
			sourceTree = "<group>";
		};
		9B9C363D1AF3047800107EA3 /* XTSideMenu */ = {
			isa = PBXGroup;
			children = (
				9B9C363E1AF3047800107EA3 /* UIViewController+XTSideMenu.h */,
				9B9C363F1AF3047800107EA3 /* UIViewController+XTSideMenu.m */,
				9B9C36401AF3047800107EA3 /* XTSideMenu.h */,
				9B9C36411AF3047800107EA3 /* XTSideMenu.m */,
				9B9C36421AF3047800107EA3 /* XTSideMenuHelper */,
			);
			path = XTSideMenu;
			sourceTree = "<group>";
		};
		9B9C36421AF3047800107EA3 /* XTSideMenuHelper */ = {
			isa = PBXGroup;
			children = (
				9B9C36431AF3047800107EA3 /* UIImage+ImageEffects.h */,
				9B9C36441AF3047800107EA3 /* UIImage+ImageEffects.m */,
				9B9C36451AF3047800107EA3 /* UIView+XTFrame.h */,
				9B9C36461AF3047800107EA3 /* UIView+XTFrame.m */,
				9B9C36471AF3047800107EA3 /* XTBlurView.h */,
				9B9C36481AF3047800107EA3 /* XTBlurView.m */,
			);
			path = XTSideMenuHelper;
			sourceTree = "<group>";
		};
		9B9C364E1AF30A6E00107EA3 /* newsDetail */ = {
			isa = PBXGroup;
			children = (
				9B8546BC1AEF165500E4E001 /* NewsDetailViewController.h */,
				9B8546BD1AEF165500E4E001 /* NewsDetailViewController.m */,
			);
			name = newsDetail;
			sourceTree = "<group>";
		};
		9B9C364F1AF30A9000107EA3 /* XTSideMenu */ = {
			isa = PBXGroup;
			children = (
				9B9C36531AF30BBA00107EA3 /* BJLeftViewController.h */,
				9B9C36541AF30BBA00107EA3 /* BJLeftViewController.m */,
			);
			name = XTSideMenu;
			sourceTree = "<group>";
		};
		9B9E09B41AEF94F30077FC2D /* View */ = {
			isa = PBXGroup;
			children = (
				9B9E09B81AEF95790077FC2D /* NewsDetailToolBar.h */,
				9B9E09B91AEF95790077FC2D /* NewsDetailToolBar.m */,
				9BE110CD1AF3547F006D97B8 /* LeftViewCell.h */,
				9BE110CE1AF3547F006D97B8 /* LeftViewCell.m */,
				9BE110CF1AF3547F006D97B8 /* LeftViewCell.xib */,
			);
			name = View;
			sourceTree = "<group>";
		};
		9D6FE87887B2288DD8608E9F /* Frameworks */ = {
			isa = PBXGroup;
			children = (
				34C8B648C6A7143085919AE1 /* libPods.a */,
			);
			name = Frameworks;
			sourceTree = "<group>";
		};
		ED5CEE0A273D4788DEB098BD /* Pods */ = {
			isa = PBXGroup;
			children = (
				39E465BD8AE8E3BE0BD69BC1 /* Pods.debug.xcconfig */,
				FFDAA37812B63F2382157D97 /* Pods.release.xcconfig */,
			);
			name = Pods;
			sourceTree = "<group>";
		};
/* End PBXGroup section */

/* Begin PBXNativeTarget section */
		9B19AD2F1AEE60EC00DB9F46 /* BaiDuBaiJia */ = {
			isa = PBXNativeTarget;
			buildConfigurationList = 9B19AD531AEE60EC00DB9F46 /* Build configuration list for PBXNativeTarget "BaiDuBaiJia" */;
			buildPhases = (
				12B979D90A89FB1E6B3A993B /* Check Pods Manifest.lock */,
				9B19AD2C1AEE60EC00DB9F46 /* Sources */,
				9B19AD2D1AEE60EC00DB9F46 /* Frameworks */,
				9B19AD2E1AEE60EC00DB9F46 /* Resources */,
				E29C4CBB84A9824B23F55B91 /* Copy Pods Resources */,
			);
			buildRules = (
			);
			dependencies = (
			);
			name = BaiDuBaiJia;
			productName = BaiDuBaiJia;
			productReference = 9B19AD301AEE60EC00DB9F46 /* BaiDuBaiJia.app */;
			productType = "com.apple.product-type.application";
		};
		9B19AD481AEE60EC00DB9F46 /* BaiDuBaiJiaTests */ = {
			isa = PBXNativeTarget;
			buildConfigurationList = 9B19AD561AEE60EC00DB9F46 /* Build configuration list for PBXNativeTarget "BaiDuBaiJiaTests" */;
			buildPhases = (
				9B19AD451AEE60EC00DB9F46 /* Sources */,
				9B19AD461AEE60EC00DB9F46 /* Frameworks */,
				9B19AD471AEE60EC00DB9F46 /* Resources */,
			);
			buildRules = (
			);
			dependencies = (
				9B19AD4B1AEE60EC00DB9F46 /* PBXTargetDependency */,
			);
			name = BaiDuBaiJiaTests;
			productName = BaiDuBaiJiaTests;
			productReference = 9B19AD491AEE60EC00DB9F46 /* BaiDuBaiJiaTests.xctest */;
			productType = "com.apple.product-type.bundle.unit-test";
		};
/* End PBXNativeTarget section */

/* Begin PBXProject section */
		9B19AD281AEE60EB00DB9F46 /* Project object */ = {
			isa = PBXProject;
			attributes = {
				LastUpgradeCheck = 0620;
				ORGANIZATIONNAME = WayneLiu;
				TargetAttributes = {
					9B19AD2F1AEE60EC00DB9F46 = {
						CreatedOnToolsVersion = 6.2;
					};
					9B19AD481AEE60EC00DB9F46 = {
						CreatedOnToolsVersion = 6.2;
						TestTargetID = 9B19AD2F1AEE60EC00DB9F46;
					};
				};
			};
			buildConfigurationList = 9B19AD2B1AEE60EB00DB9F46 /* Build configuration list for PBXProject "BaiDuBaiJia" */;
			compatibilityVersion = "Xcode 3.2";
			developmentRegion = English;
			hasScannedForEncodings = 0;
			knownRegions = (
				en,
				Base,
			);
			mainGroup = 9B19AD271AEE60EB00DB9F46;
			productRefGroup = 9B19AD311AEE60EC00DB9F46 /* Products */;
			projectDirPath = "";
			projectRoot = "";
			targets = (
				9B19AD2F1AEE60EC00DB9F46 /* BaiDuBaiJia */,
				9B19AD481AEE60EC00DB9F46 /* BaiDuBaiJiaTests */,
			);
		};
/* End PBXProject section */

/* Begin PBXResourcesBuildPhase section */
		9B19AD2E1AEE60EC00DB9F46 /* Resources */ = {
			isa = PBXResourcesBuildPhase;
			buildActionMask = 2147483647;
			files = (
				9B09CB2C1AFA382500DCB250 /* h3.jpg in Resources */,
				9B19AD3F1AEE60EC00DB9F46 /* Main.storyboard in Resources */,
				9B19AD441AEE60EC00DB9F46 /* LaunchScreen.xib in Resources */,
				9B19AD411AEE60EC00DB9F46 /* Images.xcassets in Resources */,
				9B09CB2E1AFA382500DCB250 /* h4.jpg in Resources */,
				9B19AD711AEE741000DB9F46 /* NewsShowCell.xib in Resources */,
				9B09CB2B1AFA382500DCB250 /* h1.jpg in Resources */,
				9BE110D11AF3547F006D97B8 /* LeftViewCell.xib in Resources */,
				9B09CB2D1AFA382500DCB250 /* h2.jpg in Resources */,
			);
			runOnlyForDeploymentPostprocessing = 0;
		};
		9B19AD471AEE60EC00DB9F46 /* Resources */ = {
			isa = PBXResourcesBuildPhase;
			buildActionMask = 2147483647;
			files = (
			);
			runOnlyForDeploymentPostprocessing = 0;
		};
/* End PBXResourcesBuildPhase section */

/* Begin PBXShellScriptBuildPhase section */
		12B979D90A89FB1E6B3A993B /* Check Pods Manifest.lock */ = {
			isa = PBXShellScriptBuildPhase;
			buildActionMask = 2147483647;
			files = (
			);
			inputPaths = (
			);
			name = "Check Pods Manifest.lock";
			outputPaths = (
			);
			runOnlyForDeploymentPostprocessing = 0;
			shellPath = /bin/sh;
			shellScript = "diff \"${PODS_ROOT}/../Podfile.lock\" \"${PODS_ROOT}/Manifest.lock\" > /dev/null\nif [[ $? != 0 ]] ; then\n    cat << EOM\nerror: The sandbox is not in sync with the Podfile.lock. Run 'pod install' or update your CocoaPods installation.\nEOM\n    exit 1\nfi\n";
			showEnvVarsInLog = 0;
		};
		E29C4CBB84A9824B23F55B91 /* Copy Pods Resources */ = {
			isa = PBXShellScriptBuildPhase;
			buildActionMask = 2147483647;
			files = (
			);
			inputPaths = (
			);
			name = "Copy Pods Resources";
			outputPaths = (
			);
			runOnlyForDeploymentPostprocessing = 0;
			shellPath = /bin/sh;
			shellScript = "\"${SRCROOT}/Pods/Target Support Files/Pods/Pods-resources.sh\"\n";
			showEnvVarsInLog = 0;
		};
/* End PBXShellScriptBuildPhase section */

/* Begin PBXSourcesBuildPhase section */
		9B19AD2C1AEE60EC00DB9F46 /* Sources */ = {
			isa = PBXSourcesBuildPhase;
			buildActionMask = 2147483647;
			files = (
				9B19AD3C1AEE60EC00DB9F46 /* ViewController.m in Sources */,
				9B19AD391AEE60EC00DB9F46 /* AppDelegate.m in Sources */,
				9B19AD691AEE69E700DB9F46 /* NetworkBL.m in Sources */,
				9B9E09BA1AEF95790077FC2D /* NewsDetailToolBar.m in Sources */,
				9B9C364C1AF3047800107EA3 /* UIView+XTFrame.m in Sources */,
				9B19AD701AEE741000DB9F46 /* NewsShowCell.m in Sources */,
				9B8546BE1AEF165500E4E001 /* NewsDetailViewController.m in Sources */,
				9B09CB441AFA391600DCB250 /* UIView+SDExtension.m in Sources */,
				9BE110D01AF3547F006D97B8 /* LeftViewCell.m in Sources */,
				9B09CB411AFA391600DCB250 /* TAAnimatedDotView.m in Sources */,
				9B09CB401AFA391600DCB250 /* TAAbstractDotView.m in Sources */,
				9B09CB421AFA391600DCB250 /* TADotView.m in Sources */,
				9B09CB3E1AFA391600DCB250 /* SDCollectionViewCell.m in Sources */,
				9B9C364D1AF3047800107EA3 /* XTBlurView.m in Sources */,
				9B9C364B1AF3047800107EA3 /* UIImage+ImageEffects.m in Sources */,
				9B9C36551AF30BBA00107EA3 /* BJLeftViewController.m in Sources */,
				9B9C36491AF3047800107EA3 /* UIViewController+XTSideMenu.m in Sources */,
				9B9C364A1AF3047800107EA3 /* XTSideMenu.m in Sources */,
				9B09CB431AFA391600DCB250 /* TAPageControl.m in Sources */,
				9B19AD361AEE60EC00DB9F46 /* main.m in Sources */,
				9B09CB3F1AFA391600DCB250 /* SDCycleScrollView.m in Sources */,
			);
			runOnlyForDeploymentPostprocessing = 0;
		};
		9B19AD451AEE60EC00DB9F46 /* Sources */ = {
			isa = PBXSourcesBuildPhase;
			buildActionMask = 2147483647;
			files = (
				9B19AD501AEE60EC00DB9F46 /* BaiDuBaiJiaTests.m in Sources */,
			);
			runOnlyForDeploymentPostprocessing = 0;
		};
/* End PBXSourcesBuildPhase section */

/* Begin PBXTargetDependency section */
		9B19AD4B1AEE60EC00DB9F46 /* PBXTargetDependency */ = {
			isa = PBXTargetDependency;
			target = 9B19AD2F1AEE60EC00DB9F46 /* BaiDuBaiJia */;
			targetProxy = 9B19AD4A1AEE60EC00DB9F46 /* PBXContainerItemProxy */;
		};
/* End PBXTargetDependency section */

/* Begin PBXVariantGroup section */
		9B19AD3D1AEE60EC00DB9F46 /* Main.storyboard */ = {
			isa = PBXVariantGroup;
			children = (
				9B19AD3E1AEE60EC00DB9F46 /* Base */,
			);
			name = Main.storyboard;
			sourceTree = "<group>";
		};
		9B19AD421AEE60EC00DB9F46 /* LaunchScreen.xib */ = {
			isa = PBXVariantGroup;
			children = (
				9B19AD431AEE60EC00DB9F46 /* Base */,
			);
			name = LaunchScreen.xib;
			sourceTree = "<group>";
		};
/* End PBXVariantGroup section */

/* Begin XCBuildConfiguration section */
		9B19AD511AEE60EC00DB9F46 /* Debug */ = {
			isa = XCBuildConfiguration;
			buildSettings = {
				ALWAYS_SEARCH_USER_PATHS = NO;
				CLANG_CXX_LANGUAGE_STANDARD = "gnu++0x";
				CLANG_CXX_LIBRARY = "libc++";
				CLANG_ENABLE_MODULES = YES;
				CLANG_ENABLE_OBJC_ARC = YES;
				CLANG_WARN_BOOL_CONVERSION = YES;
				CLANG_WARN_CONSTANT_CONVERSION = YES;
				CLANG_WARN_DIRECT_OBJC_ISA_USAGE = YES_ERROR;
				CLANG_WARN_EMPTY_BODY = YES;
				CLANG_WARN_ENUM_CONVERSION = YES;
				CLANG_WARN_INT_CONVERSION = YES;
				CLANG_WARN_OBJC_ROOT_CLASS = YES_ERROR;
				CLANG_WARN_UNREACHABLE_CODE = YES;
				CLANG_WARN__DUPLICATE_METHOD_MATCH = YES;
				"CODE_SIGN_IDENTITY[sdk=iphoneos*]" = "iPhone Developer";
				COPY_PHASE_STRIP = NO;
				ENABLE_STRICT_OBJC_MSGSEND = YES;
				GCC_C_LANGUAGE_STANDARD = gnu99;
				GCC_DYNAMIC_NO_PIC = NO;
				GCC_OPTIMIZATION_LEVEL = 0;
				GCC_PREPROCESSOR_DEFINITIONS = (
					"DEBUG=1",
					"$(inherited)",
				);
				GCC_SYMBOLS_PRIVATE_EXTERN = NO;
				GCC_WARN_64_TO_32_BIT_CONVERSION = YES;
				GCC_WARN_ABOUT_RETURN_TYPE = YES_ERROR;
				GCC_WARN_UNDECLARED_SELECTOR = YES;
				GCC_WARN_UNINITIALIZED_AUTOS = YES_AGGRESSIVE;
				GCC_WARN_UNUSED_FUNCTION = YES;
				GCC_WARN_UNUSED_VARIABLE = YES;
				IPHONEOS_DEPLOYMENT_TARGET = 8.2;
				MTL_ENABLE_DEBUG_INFO = YES;
				ONLY_ACTIVE_ARCH = YES;
				SDKROOT = iphoneos;
			};
			name = Debug;
		};
		9B19AD521AEE60EC00DB9F46 /* Release */ = {
			isa = XCBuildConfiguration;
			buildSettings = {
				ALWAYS_SEARCH_USER_PATHS = NO;
				CLANG_CXX_LANGUAGE_STANDARD = "gnu++0x";
				CLANG_CXX_LIBRARY = "libc++";
				CLANG_ENABLE_MODULES = YES;
				CLANG_ENABLE_OBJC_ARC = YES;
				CLANG_WARN_BOOL_CONVERSION = YES;
				CLANG_WARN_CONSTANT_CONVERSION = YES;
				CLANG_WARN_DIRECT_OBJC_ISA_USAGE = YES_ERROR;
				CLANG_WARN_EMPTY_BODY = YES;
				CLANG_WARN_ENUM_CONVERSION = YES;
				CLANG_WARN_INT_CONVERSION = YES;
				CLANG_WARN_OBJC_ROOT_CLASS = YES_ERROR;
				CLANG_WARN_UNREACHABLE_CODE = YES;
				CLANG_WARN__DUPLICATE_METHOD_MATCH = YES;
				"CODE_SIGN_IDENTITY[sdk=iphoneos*]" = "iPhone Developer";
				COPY_PHASE_STRIP = NO;
				ENABLE_NS_ASSERTIONS = NO;
				ENABLE_STRICT_OBJC_MSGSEND = YES;
				GCC_C_LANGUAGE_STANDARD = gnu99;
				GCC_WARN_64_TO_32_BIT_CONVERSION = YES;
				GCC_WARN_ABOUT_RETURN_TYPE = YES_ERROR;
				GCC_WARN_UNDECLARED_SELECTOR = YES;
				GCC_WARN_UNINITIALIZED_AUTOS = YES_AGGRESSIVE;
				GCC_WARN_UNUSED_FUNCTION = YES;
				GCC_WARN_UNUSED_VARIABLE = YES;
				IPHONEOS_DEPLOYMENT_TARGET = 8.2;
				MTL_ENABLE_DEBUG_INFO = NO;
				SDKROOT = iphoneos;
				VALIDATE_PRODUCT = YES;
			};
			name = Release;
		};
		9B19AD541AEE60EC00DB9F46 /* Debug */ = {
			isa = XCBuildConfiguration;
			baseConfigurationReference = 39E465BD8AE8E3BE0BD69BC1 /* Pods.debug.xcconfig */;
			buildSettings = {
				ASSETCATALOG_COMPILER_APPICON_NAME = AppIcon;
				INFOPLIST_FILE = BaiDuBaiJia/Info.plist;
				IPHONEOS_DEPLOYMENT_TARGET = 8;
				LD_RUNPATH_SEARCH_PATHS = "$(inherited) @executable_path/Frameworks";
				PRODUCT_NAME = "$(TARGET_NAME)";
			};
			name = Debug;
		};
		9B19AD551AEE60EC00DB9F46 /* Release */ = {
			isa = XCBuildConfiguration;
			baseConfigurationReference = FFDAA37812B63F2382157D97 /* Pods.release.xcconfig */;
			buildSettings = {
				ASSETCATALOG_COMPILER_APPICON_NAME = AppIcon;
				INFOPLIST_FILE = BaiDuBaiJia/Info.plist;
				IPHONEOS_DEPLOYMENT_TARGET = 8;
				LD_RUNPATH_SEARCH_PATHS = "$(inherited) @executable_path/Frameworks";
				PRODUCT_NAME = "$(TARGET_NAME)";
			};
			name = Release;
		};
		9B19AD571AEE60EC00DB9F46 /* Debug */ = {
			isa = XCBuildConfiguration;
			buildSettings = {
				BUNDLE_LOADER = "$(TEST_HOST)";
				FRAMEWORK_SEARCH_PATHS = (
					"$(SDKROOT)/Developer/Library/Frameworks",
					"$(inherited)",
				);
				GCC_PREPROCESSOR_DEFINITIONS = (
					"DEBUG=1",
					"$(inherited)",
				);
				INFOPLIST_FILE = BaiDuBaiJiaTests/Info.plist;
				LD_RUNPATH_SEARCH_PATHS = "$(inherited) @executable_path/Frameworks @loader_path/Frameworks";
				PRODUCT_NAME = "$(TARGET_NAME)";
				TEST_HOST = "$(BUILT_PRODUCTS_DIR)/BaiDuBaiJia.app/BaiDuBaiJia";
			};
			name = Debug;
		};
		9B19AD581AEE60EC00DB9F46 /* Release */ = {
			isa = XCBuildConfiguration;
			buildSettings = {
				BUNDLE_LOADER = "$(TEST_HOST)";
				FRAMEWORK_SEARCH_PATHS = (
					"$(SDKROOT)/Developer/Library/Frameworks",
					"$(inherited)",
				);
				INFOPLIST_FILE = BaiDuBaiJiaTests/Info.plist;
				LD_RUNPATH_SEARCH_PATHS = "$(inherited) @executable_path/Frameworks @loader_path/Frameworks";
				PRODUCT_NAME = "$(TARGET_NAME)";
				TEST_HOST = "$(BUILT_PRODUCTS_DIR)/BaiDuBaiJia.app/BaiDuBaiJia";
			};
			name = Release;
		};
/* End XCBuildConfiguration section */

/* Begin XCConfigurationList section */
		9B19AD2B1AEE60EB00DB9F46 /* Build configuration list for PBXProject "BaiDuBaiJia" */ = {
			isa = XCConfigurationList;
			buildConfigurations = (
				9B19AD511AEE60EC00DB9F46 /* Debug */,
				9B19AD521AEE60EC00DB9F46 /* Release */,
			);
			defaultConfigurationIsVisible = 0;
			defaultConfigurationName = Release;
		};
		9B19AD531AEE60EC00DB9F46 /* Build configuration list for PBXNativeTarget "BaiDuBaiJia" */ = {
			isa = XCConfigurationList;
			buildConfigurations = (
				9B19AD541AEE60EC00DB9F46 /* Debug */,
				9B19AD551AEE60EC00DB9F46 /* Release */,
			);
			defaultConfigurationIsVisible = 0;
			defaultConfigurationName = Release;
		};
		9B19AD561AEE60EC00DB9F46 /* Build configuration list for PBXNativeTarget "BaiDuBaiJiaTests" */ = {
			isa = XCConfigurationList;
			buildConfigurations = (
				9B19AD571AEE60EC00DB9F46 /* Debug */,
				9B19AD581AEE60EC00DB9F46 /* Release */,
			);
			defaultConfigurationIsVisible = 0;
			defaultConfigurationName = Release;
		};
/* End XCConfigurationList section */
	};
	rootObject = 9B19AD281AEE60EB00DB9F46 /* Project object */;
}
