// !$*UTF8*$!
{
	archiveVersion = 1;
	classes = {
	};
	objectVersion = 46;
	objects = {

/* Begin PBXBuildFile section */
		9B09CB2B1AFA382500DCB250 /* h1.jpg in Resources */ = {isa = PBXBuildFile; fileRef = 9B09CB271AFA382500DCB250 /* h1.jpg */; };
		9B09CB2C1AFA382500DCB250 /* h3.jpg in Resources */ = {isa = PBXBuildFile; fileRef = 9B09CB281AFA382500DCB250 /* h3.jpg */; };
		9B09CB2D1AFA382500DCB250 /* h2.jpg in Resources */ = {isa = PBXBuildFile; fileRef = 9B09CB291AFA382500DCB250 /* h2.jpg */; };
		9B09CB2E1AFA382500DCB250 /* h4.jpg in Resources */ = {isa = PBXBuildFile; fileRef = 9B09CB2A1AFA382500DCB250 /* h4.jpg */; };
		9B09CB3E1AFA391600DCB250 /* SDCollectionViewCell.m in Sources */ = {isa = PBXBuildFile; fileRef = 9B09CB311AFA391600DCB250 /* SDCollectionViewCell.m */; };
		9B09CB3F1AFA391600DCB250 /* SDCycleScrollView.m in Sources */ = {isa = PBXBuildFile; fileRef = 9B09CB331AFA391600DCB250 /* SDCycleScrollView.m */; };
		9B09CB401AFA391600DCB250 /* TAAbstractDotView.m in Sources */ = {isa = PBXBuildFile; fileRef = 9B09CB351AFA391600DCB250 /* TAAbstractDotView.m */; };
		9B09CB411AFA391600DCB250 /* TAAnimatedDotView.m in Sources */ = {isa = PBXBuildFile; fileRef = 9B09CB371AFA391600DCB250 /* TAAnimatedDotView.m */; };
		9B09CB421AFA391600DCB250 /* TADotView.m in Sources */ = {isa = PBXBuildFile; fileRef = 9B09CB391AFA391600DCB250 /* TADotView.m */; };
		9B09CB431AFA391600DCB250 /* TAPageControl.m in Sources */ = {isa = PBXBuildFile; fileRef = 9B09CB3B1AFA391600DCB250 /* TAPageControl.m */; };
		9B09CB441AFA391600DCB250 /* UIView+SDExtension.m in Sources */ = {isa = PBXBuildFile; fileRef = 9B09CB3D1AFA391600DCB250 /* UIView+SDExtension.m */; };
		9B19AD361AEE60EC00DB9F46 /* main.m in Sources */ = {isa = PBXBuildFile; fileRef = 9B19AD351AEE60EC00DB9F46 /* main.m */; };
		9B19AD391AEE60EC00DB9F46 /* AppDelegate.m in Sources */ = {isa = PBXBuildFile; fileRef = 9B19AD381AEE60EC00DB9F46 /* AppDelegate.m */; };
		9B19AD3C1AEE60EC00DB9F46 /* ViewController.m in Sources */ = {isa = PBXBuildFile; fileRef = 9B19AD3B1AEE60EC00DB9F46 /* ViewController.m */; };
		9B19AD3F1AEE60EC00DB9F46 /* Main.storyboard in Resources */ = {isa = PBXBuildFile; fileRef = 9B19AD3D1AEE60EC00DB9F46 /* Main.storyboard */; };
		9B19AD411AEE60EC00DB9F46 /* Images.xcassets in Resources */ = {isa = PBXBuildFile; fileRef = 9B19AD401AEE60EC00DB9F46 /* Images.xcassets */; };
		9B19AD441AEE60EC00DB9F46 /* LaunchScreen.xib in Resources */ = {isa = PBXBuildFile; fileRef = 9B19AD421AEE60EC00DB9F46 /* LaunchScreen.xib */; };
		9B19AD501AEE60EC00DB9F46 /* BaiDuBaiJiaTests.m in Sources */ = {isa = PBXBuildFile; fileRef = 9B19AD4F1AEE60EC00DB9F46 /* BaiDuBaiJiaTests.m */; };
		9B19AD691AEE69E700DB9F46 /* NetworkBL.m in Sources */ = {isa = PBXBuildFile; fileRef = 9B19AD681AEE69E700DB9F46 /* NetworkBL.m */; };
		9B19AD701AEE741000DB9F46 /* NewsShowCell.m in Sources */ = {isa = PBXBuildFile; fileRef = 9B19AD6E1AEE741000DB9F46 /* NewsShowCell.m */; };
		9B19AD711AEE741000DB9F46 /* NewsShowCell.xib in Resources */ = {isa = PBXBuildFile; fileRef = 9B19AD6F1AEE741000DB9F46 /* NewsShowCell.xib */; };
		9B588BC71B16D0D4001683FC /* GetContent.m in Sources */ = {isa = PBXBuildFile; fileRef = 9B588BC61B16D0D4001683FC /* GetContent.m */; };
		9B58958B1AFB985D002428B8 /* NewsParserBL.m in Sources */ = {isa = PBXBuildFile; fileRef = 9B58958A1AFB985D002428B8 /* NewsParserBL.m */; };
		9B5895931AFBB21D002428B8 /* NewsInfo.m in Sources */ = {isa = PBXBuildFile; fileRef = 9B5895921AFBB21D002428B8 /* NewsInfo.m */; };
		9B7799DC1B148DBD00530249 /* NewsTypeDAO.m in Sources */ = {isa = PBXBuildFile; fileRef = 9B7799DB1B148DBD00530249 /* NewsTypeDAO.m */; };
		9B7799DF1B14AEB400530249 /* ServerInterface.m in Sources */ = {isa = PBXBuildFile; fileRef = 9B7799DE1B14AEB400530249 /* ServerInterface.m */; };
		9B780BF21B154EE20017CEA0 /* ChannelDetailTableViewController.m in Sources */ = {isa = PBXBuildFile; fileRef = 9B780BF11B154EE20017CEA0 /* ChannelDetailTableViewController.m */; };
		9B8546BE1AEF165500E4E001 /* NewsDetailViewController.m in Sources */ = {isa = PBXBuildFile; fileRef = 9B8546BD1AEF165500E4E001 /* NewsDetailViewController.m */; };
		9B9C36491AF3047800107EA3 /* UIViewController+XTSideMenu.m in Sources */ = {isa = PBXBuildFile; fileRef = 9B9C363F1AF3047800107EA3 /* UIViewController+XTSideMenu.m */; };
		9B9C364A1AF3047800107EA3 /* XTSideMenu.m in Sources */ = {isa = PBXBuildFile; fileRef = 9B9C36411AF3047800107EA3 /* XTSideMenu.m */; };
		9B9C364B1AF3047800107EA3 /* UIImage+ImageEffects.m in Sources */ = {isa = PBXBuildFile; fileRef = 9B9C36441AF3047800107EA3 /* UIImage+ImageEffects.m */; };
		9B9C364C1AF3047800107EA3 /* UIView+XTFrame.m in Sources */ = {isa = PBXBuildFile; fileRef = 9B9C36461AF3047800107EA3 /* UIView+XTFrame.m */; };
		9B9C364D1AF3047800107EA3 /* XTBlurView.m in Sources */ = {isa = PBXBuildFile; fileRef = 9B9C36481AF3047800107EA3 /* XTBlurView.m */; };
		9B9C36551AF30BBA00107EA3 /* BJLeftViewController.m in Sources */ = {isa = PBXBuildFile; fileRef = 9B9C36541AF30BBA00107EA3 /* BJLeftViewController.m */; };
		9B9E09BA1AEF95790077FC2D /* NewsDetailToolBar.m in Sources */ = {isa = PBXBuildFile; fileRef = 9B9E09B91AEF95790077FC2D /* NewsDetailToolBar.m */; };
		9BACB6561B0B529C007216CB /* AllNewsDAO.m in Sources */ = {isa = PBXBuildFile; fileRef = 9BACB6551B0B529C007216CB /* AllNewsDAO.m */; };
		9BACB6941B0B63AC007216CB /* UMSocialLocalizable.strings in Resources */ = {isa = PBXBuildFile; fileRef = 9BACB6591B0B63AC007216CB /* UMSocialLocalizable.strings */; };
		9BACB6951B0B63AC007216CB /* libUMSocial_Sdk_4.2.2.a in Frameworks */ = {isa = PBXBuildFile; fileRef = 9BACB6671B0B63AC007216CB /* libUMSocial_Sdk_4.2.2.a */; };
		9BACB6961B0B63AC007216CB /* UMSCommentDetailController.xib in Resources */ = {isa = PBXBuildFile; fileRef = 9BACB6691B0B63AC007216CB /* UMSCommentDetailController.xib */; };
		9BACB6971B0B63AC007216CB /* UMSCommentInputController.xib in Resources */ = {isa = PBXBuildFile; fileRef = 9BACB66A1B0B63AC007216CB /* UMSCommentInputController.xib */; };
		9BACB6981B0B63AC007216CB /* UMSCommentInputControlleriPad.xib in Resources */ = {isa = PBXBuildFile; fileRef = 9BACB66B1B0B63AC007216CB /* UMSCommentInputControlleriPad.xib */; };
		9BACB6991B0B63AC007216CB /* UMShareEditViewController.xib in Resources */ = {isa = PBXBuildFile; fileRef = 9BACB66C1B0B63AC007216CB /* UMShareEditViewController.xib */; };
		9BACB69A1B0B63AC007216CB /* UMShareEditViewControlleriPad.xib in Resources */ = {isa = PBXBuildFile; fileRef = 9BACB66D1B0B63AC007216CB /* UMShareEditViewControlleriPad.xib */; };
		9BACB69B1B0B63AC007216CB /* UMSLoginViewController.xib in Resources */ = {isa = PBXBuildFile; fileRef = 9BACB66E1B0B63AC007216CB /* UMSLoginViewController.xib */; };
		9BACB69C1B0B63AC007216CB /* UMSnsAccountViewController.xib in Resources */ = {isa = PBXBuildFile; fileRef = 9BACB66F1B0B63AC007216CB /* UMSnsAccountViewController.xib */; };
		9BACB69D1B0B63AC007216CB /* UMSShareListController.xib in Resources */ = {isa = PBXBuildFile; fileRef = 9BACB6701B0B63AC007216CB /* UMSShareListController.xib */; };
		9BACB69E1B0B63AC007216CB /* UMSocialSDKResourcesNew.bundle in Resources */ = {isa = PBXBuildFile; fileRef = 9BACB6711B0B63AC007216CB /* UMSocialSDKResourcesNew.bundle */; };
		9BACB69F1B0B63AC007216CB /* libSocialQQ.a in Frameworks */ = {isa = PBXBuildFile; fileRef = 9BACB6751B0B63AC007216CB /* libSocialQQ.a */; };
		9BACB6A01B0B63AC007216CB /* TencentOpenAPI.framework in Frameworks */ = {isa = PBXBuildFile; fileRef = 9BACB6761B0B63AC007216CB /* TencentOpenAPI.framework */; };
		9BACB6A11B0B63AC007216CB /* TencentOpenApi_IOS_Bundle.bundle in Resources */ = {isa = PBXBuildFile; fileRef = 9BACB6771B0B63AC007216CB /* TencentOpenApi_IOS_Bundle.bundle */; };
		9BACB6A21B0B63AC007216CB /* ios-social-sdk-shake.html in Resources */ = {isa = PBXBuildFile; fileRef = 9BACB67A1B0B63AC007216CB /* ios-social-sdk-shake.html */; };
		9BACB6A31B0B63AC007216CB /* libUMSocial_Sdk_ScreenShot_1.0.a in Frameworks */ = {isa = PBXBuildFile; fileRef = 9BACB67B1B0B63AC007216CB /* libUMSocial_Sdk_ScreenShot_1.0.a */; };
		9BACB6A41B0B63AC007216CB /* ios-social-sdk-shake.html in Resources */ = {isa = PBXBuildFile; fileRef = 9BACB67E1B0B63AC007216CB /* ios-social-sdk-shake.html */; };
		9BACB6A51B0B63AC007216CB /* libUMSocial_Sdk_Shake_1.0.a in Frameworks */ = {isa = PBXBuildFile; fileRef = 9BACB67F1B0B63AC007216CB /* libUMSocial_Sdk_Shake_1.0.a */; };
		9BACB6A61B0B63AC007216CB /* libSocialWechat.a in Frameworks */ = {isa = PBXBuildFile; fileRef = 9BACB6821B0B63AC007216CB /* libSocialWechat.a */; };
		9BACB6A71B0B63AC007216CB /* libWeChatSDK.a in Frameworks */ = {isa = PBXBuildFile; fileRef = 9BACB6831B0B63AC007216CB /* libWeChatSDK.a */; };
		9BACB6A81B0B63AC007216CB /* iOS-social-analytics-releasenote.html in Resources */ = {isa = PBXBuildFile; fileRef = 9BACB6881B0B63AC007216CB /* iOS-social-analytics-releasenote.html */; };
		9BACB6A91B0B63AC007216CB /* iOS-social-releasenote.html in Resources */ = {isa = PBXBuildFile; fileRef = 9BACB6891B0B63AC007216CB /* iOS-social-releasenote.html */; };
		9BACB6AA1B0B63AC007216CB /* ios-social-sdk-comment-detail.html in Resources */ = {isa = PBXBuildFile; fileRef = 9BACB68A1B0B63AC007216CB /* ios-social-sdk-comment-detail.html */; };
		9BACB6AB1B0B63AC007216CB /* ios-social-sdk-comment-quick.html in Resources */ = {isa = PBXBuildFile; fileRef = 9BACB68B1B0B63AC007216CB /* ios-social-sdk-comment-quick.html */; };
		9BACB6AC1B0B63AC007216CB /* ios-social-sdk-like.html in Resources */ = {isa = PBXBuildFile; fileRef = 9BACB68C1B0B63AC007216CB /* ios-social-sdk-like.html */; };
		9BACB6AD1B0B63AC007216CB /* ios-social-sdk-login-detail.html in Resources */ = {isa = PBXBuildFile; fileRef = 9BACB68D1B0B63AC007216CB /* ios-social-sdk-login-detail.html */; };
		9BACB6AE1B0B63AC007216CB /* ios-social-sdk-login-quick.html in Resources */ = {isa = PBXBuildFile; fileRef = 9BACB68E1B0B63AC007216CB /* ios-social-sdk-login-quick.html */; };
		9BACB6AF1B0B63AC007216CB /* ios-social-sdk-shake.html in Resources */ = {isa = PBXBuildFile; fileRef = 9BACB68F1B0B63AC007216CB /* ios-social-sdk-shake.html */; };
		9BACB6B01B0B63AC007216CB /* ios-social-sdk-share-detail.html in Resources */ = {isa = PBXBuildFile; fileRef = 9BACB6901B0B63AC007216CB /* ios-social-sdk-share-detail.html */; };
		9BACB6B11B0B63AC007216CB /* ios-social-sdk-share-quick.html in Resources */ = {isa = PBXBuildFile; fileRef = 9BACB6911B0B63AC007216CB /* ios-social-sdk-share-quick.html */; };
		9BACB6B21B0B63AC007216CB /* ios-social-sdk-socialBar.html in Resources */ = {isa = PBXBuildFile; fileRef = 9BACB6921B0B63AC007216CB /* ios-social-sdk-socialBar.html */; };
		9BACB6B31B0B63AC007216CB /* markdown.css in Resources */ = {isa = PBXBuildFile; fileRef = 9BACB6931B0B63AC007216CB /* markdown.css */; };
		9BACB6B51B0B64B9007216CB /* Security.framework in Frameworks */ = {isa = PBXBuildFile; fileRef = 9BACB6B41B0B64B9007216CB /* Security.framework */; };
		9BACB6B71B0B64C5007216CB /* libiconv.dylib in Frameworks */ = {isa = PBXBuildFile; fileRef = 9BACB6B61B0B64C4007216CB /* libiconv.dylib */; };
		9BACB6B91B0B64D7007216CB /* SystemConfiguration.framework in Frameworks */ = {isa = PBXBuildFile; fileRef = 9BACB6B81B0B64D7007216CB /* SystemConfiguration.framework */; };
		9BACB6BB1B0B64E4007216CB /* CoreGraphics.framework in Frameworks */ = {isa = PBXBuildFile; fileRef = 9BACB6BA1B0B64E4007216CB /* CoreGraphics.framework */; };
		9BACB6BD1B0B64F2007216CB /* libsqlite3.dylib in Frameworks */ = {isa = PBXBuildFile; fileRef = 9BACB6BC1B0B64F2007216CB /* libsqlite3.dylib */; };
		9BACB6BF1B0B64F9007216CB /* CoreTelephony.framework in Frameworks */ = {isa = PBXBuildFile; fileRef = 9BACB6BE1B0B64F9007216CB /* CoreTelephony.framework */; };
		9BACB6C11B0B6506007216CB /* libstdc++.dylib in Frameworks */ = {isa = PBXBuildFile; fileRef = 9BACB6C01B0B6506007216CB /* libstdc++.dylib */; };
		9BACB6C31B0B650F007216CB /* libz.dylib in Frameworks */ = {isa = PBXBuildFile; fileRef = 9BACB6C21B0B650F007216CB /* libz.dylib */; };
		9BACB6C51B0B81A3007216CB /* ImageIO.framework in Frameworks */ = {isa = PBXBuildFile; fileRef = 9BACB6C41B0B81A3007216CB /* ImageIO.framework */; };
		9BD4527D1B0C047300B7521C /* OpenGLES.framework in Frameworks */ = {isa = PBXBuildFile; fileRef = 9BD4527C1B0C047300B7521C /* OpenGLES.framework */; };
		9BD4527F1B0C047F00B7521C /* MediaPlayer.framework in Frameworks */ = {isa = PBXBuildFile; fileRef = 9BD4527E1B0C047F00B7521C /* MediaPlayer.framework */; };
		9BD572401B0C7998003A8B61 /* Tools.m in Sources */ = {isa = PBXBuildFile; fileRef = 9BD5723F1B0C7998003A8B61 /* Tools.m */; };
		9BE110D01AF3547F006D97B8 /* LeftViewCell.m in Sources */ = {isa = PBXBuildFile; fileRef = 9BE110CE1AF3547F006D97B8 /* LeftViewCell.m */; };
		9BE110D11AF3547F006D97B8 /* LeftViewCell.xib in Resources */ = {isa = PBXBuildFile; fileRef = 9BE110CF1AF3547F006D97B8 /* LeftViewCell.xib */; };
		D277C89BABC1E19BAE9DDE95 /* libPods.a in Frameworks */ = {isa = PBXBuildFile; fileRef = 34C8B648C6A7143085919AE1 /* libPods.a */; };
/* End PBXBuildFile section */

/* Begin PBXContainerItemProxy section */
		9B19AD4A1AEE60EC00DB9F46 /* PBXContainerItemProxy */ = {
			isa = PBXContainerItemProxy;
			containerPortal = 9B19AD281AEE60EB00DB9F46 /* Project object */;
			proxyType = 1;
			remoteGlobalIDString = 9B19AD2F1AEE60EC00DB9F46;
			remoteInfo = BaiDuBaiJia;
		};
/* End PBXContainerItemProxy section */

/* Begin PBXFileReference section */
		34C8B648C6A7143085919AE1 /* libPods.a */ = {isa = PBXFileReference; explicitFileType = archive.ar; includeInIndex = 0; path = libPods.a; sourceTree = BUILT_PRODUCTS_DIR; };
		39E465BD8AE8E3BE0BD69BC1 /* Pods.debug.xcconfig */ = {isa = PBXFileReference; includeInIndex = 1; lastKnownFileType = text.xcconfig; name = Pods.debug.xcconfig; path = "Pods/Target Support Files/Pods/Pods.debug.xcconfig"; sourceTree = "<group>"; };
		9B09CB271AFA382500DCB250 /* h1.jpg */ = {isa = PBXFileReference; lastKnownFileType = image.jpeg; path = h1.jpg; sourceTree = "<group>"; };
		9B09CB281AFA382500DCB250 /* h3.jpg */ = {isa = PBXFileReference; lastKnownFileType = image.jpeg; path = h3.jpg; sourceTree = "<group>"; };
		9B09CB291AFA382500DCB250 /* h2.jpg */ = {isa = PBXFileReference; lastKnownFileType = image.jpeg; path = h2.jpg; sourceTree = "<group>"; };
		9B09CB2A1AFA382500DCB250 /* h4.jpg */ = {isa = PBXFileReference; lastKnownFileType = image.jpeg; path = h4.jpg; sourceTree = "<group>"; };
		9B09CB301AFA391600DCB250 /* SDCollectionViewCell.h */ = {isa = PBXFileReference; fileEncoding = 4; lastKnownFileType = sourcecode.c.h; path = SDCollectionViewCell.h; sourceTree = "<group>"; };
		9B09CB311AFA391600DCB250 /* SDCollectionViewCell.m */ = {isa = PBXFileReference; fileEncoding = 4; lastKnownFileType = sourcecode.c.objc; path = SDCollectionViewCell.m; sourceTree = "<group>"; };
		9B09CB321AFA391600DCB250 /* SDCycleScrollView.h */ = {isa = PBXFileReference; fileEncoding = 4; lastKnownFileType = sourcecode.c.h; path = SDCycleScrollView.h; sourceTree = "<group>"; };
		9B09CB331AFA391600DCB250 /* SDCycleScrollView.m */ = {isa = PBXFileReference; fileEncoding = 4; lastKnownFileType = sourcecode.c.objc; path = SDCycleScrollView.m; sourceTree = "<group>"; };
		9B09CB341AFA391600DCB250 /* TAAbstractDotView.h */ = {isa = PBXFileReference; fileEncoding = 4; lastKnownFileType = sourcecode.c.h; path = TAAbstractDotView.h; sourceTree = "<group>"; };
		9B09CB351AFA391600DCB250 /* TAAbstractDotView.m */ = {isa = PBXFileReference; fileEncoding = 4; lastKnownFileType = sourcecode.c.objc; path = TAAbstractDotView.m; sourceTree = "<group>"; };
		9B09CB361AFA391600DCB250 /* TAAnimatedDotView.h */ = {isa = PBXFileReference; fileEncoding = 4; lastKnownFileType = sourcecode.c.h; path = TAAnimatedDotView.h; sourceTree = "<group>"; };
		9B09CB371AFA391600DCB250 /* TAAnimatedDotView.m */ = {isa = PBXFileReference; fileEncoding = 4; lastKnownFileType = sourcecode.c.objc; path = TAAnimatedDotView.m; sourceTree = "<group>"; };
		9B09CB381AFA391600DCB250 /* TADotView.h */ = {isa = PBXFileReference; fileEncoding = 4; lastKnownFileType = sourcecode.c.h; path = TADotView.h; sourceTree = "<group>"; };
		9B09CB391AFA391600DCB250 /* TADotView.m */ = {isa = PBXFileReference; fileEncoding = 4; lastKnownFileType = sourcecode.c.objc; path = TADotView.m; sourceTree = "<group>"; };
		9B09CB3A1AFA391600DCB250 /* TAPageControl.h */ = {isa = PBXFileReference; fileEncoding = 4; lastKnownFileType = sourcecode.c.h; path = TAPageControl.h; sourceTree = "<group>"; };
		9B09CB3B1AFA391600DCB250 /* TAPageControl.m */ = {isa = PBXFileReference; fileEncoding = 4; lastKnownFileType = sourcecode.c.objc; path = TAPageControl.m; sourceTree = "<group>"; };
		9B09CB3C1AFA391600DCB250 /* UIView+SDExtension.h */ = {isa = PBXFileReference; fileEncoding = 4; lastKnownFileType = sourcecode.c.h; path = "UIView+SDExtension.h"; sourceTree = "<group>"; };
		9B09CB3D1AFA391600DCB250 /* UIView+SDExtension.m */ = {isa = PBXFileReference; fileEncoding = 4; lastKnownFileType = sourcecode.c.objc; path = "UIView+SDExtension.m"; sourceTree = "<group>"; };
		9B19AD301AEE60EC00DB9F46 /* BaiDuBaiJia.app */ = {isa = PBXFileReference; explicitFileType = wrapper.application; includeInIndex = 0; path = BaiDuBaiJia.app; sourceTree = BUILT_PRODUCTS_DIR; };
		9B19AD341AEE60EC00DB9F46 /* Info.plist */ = {isa = PBXFileReference; lastKnownFileType = text.plist.xml; path = Info.plist; sourceTree = "<group>"; };
		9B19AD351AEE60EC00DB9F46 /* main.m */ = {isa = PBXFileReference; lastKnownFileType = sourcecode.c.objc; path = main.m; sourceTree = "<group>"; };
		9B19AD371AEE60EC00DB9F46 /* AppDelegate.h */ = {isa = PBXFileReference; lastKnownFileType = sourcecode.c.h; path = AppDelegate.h; sourceTree = "<group>"; };
		9B19AD381AEE60EC00DB9F46 /* AppDelegate.m */ = {isa = PBXFileReference; lastKnownFileType = sourcecode.c.objc; path = AppDelegate.m; sourceTree = "<group>"; };
		9B19AD3A1AEE60EC00DB9F46 /* ViewController.h */ = {isa = PBXFileReference; lastKnownFileType = sourcecode.c.h; path = ViewController.h; sourceTree = "<group>"; };
		9B19AD3B1AEE60EC00DB9F46 /* ViewController.m */ = {isa = PBXFileReference; lastKnownFileType = sourcecode.c.objc; path = ViewController.m; sourceTree = "<group>"; };
		9B19AD3E1AEE60EC00DB9F46 /* Base */ = {isa = PBXFileReference; lastKnownFileType = file.storyboard; name = Base; path = Base.lproj/Main.storyboard; sourceTree = "<group>"; };
		9B19AD401AEE60EC00DB9F46 /* Images.xcassets */ = {isa = PBXFileReference; lastKnownFileType = folder.assetcatalog; path = Images.xcassets; sourceTree = "<group>"; };
		9B19AD431AEE60EC00DB9F46 /* Base */ = {isa = PBXFileReference; lastKnownFileType = file.xib; name = Base; path = Base.lproj/LaunchScreen.xib; sourceTree = "<group>"; };
		9B19AD491AEE60EC00DB9F46 /* BaiDuBaiJiaTests.xctest */ = {isa = PBXFileReference; explicitFileType = wrapper.cfbundle; includeInIndex = 0; path = BaiDuBaiJiaTests.xctest; sourceTree = BUILT_PRODUCTS_DIR; };
		9B19AD4E1AEE60EC00DB9F46 /* Info.plist */ = {isa = PBXFileReference; lastKnownFileType = text.plist.xml; path = Info.plist; sourceTree = "<group>"; };
		9B19AD4F1AEE60EC00DB9F46 /* BaiDuBaiJiaTests.m */ = {isa = PBXFileReference; lastKnownFileType = sourcecode.c.objc; path = BaiDuBaiJiaTests.m; sourceTree = "<group>"; };
		9B19AD671AEE69E700DB9F46 /* NetworkBL.h */ = {isa = PBXFileReference; fileEncoding = 4; lastKnownFileType = sourcecode.c.h; path = NetworkBL.h; sourceTree = "<group>"; };
		9B19AD681AEE69E700DB9F46 /* NetworkBL.m */ = {isa = PBXFileReference; fileEncoding = 4; lastKnownFileType = sourcecode.c.objc; path = NetworkBL.m; sourceTree = "<group>"; };
		9B19AD6D1AEE741000DB9F46 /* NewsShowCell.h */ = {isa = PBXFileReference; fileEncoding = 4; lastKnownFileType = sourcecode.c.h; path = NewsShowCell.h; sourceTree = "<group>"; };
		9B19AD6E1AEE741000DB9F46 /* NewsShowCell.m */ = {isa = PBXFileReference; fileEncoding = 4; lastKnownFileType = sourcecode.c.objc; path = NewsShowCell.m; sourceTree = "<group>"; };
		9B19AD6F1AEE741000DB9F46 /* NewsShowCell.xib */ = {isa = PBXFileReference; fileEncoding = 4; lastKnownFileType = file.xib; path = NewsShowCell.xib; sourceTree = "<group>"; };
		9B588BC51B16D0D4001683FC /* GetContent.h */ = {isa = PBXFileReference; fileEncoding = 4; lastKnownFileType = sourcecode.c.h; path = GetContent.h; sourceTree = "<group>"; };
		9B588BC61B16D0D4001683FC /* GetContent.m */ = {isa = PBXFileReference; fileEncoding = 4; lastKnownFileType = sourcecode.c.objc; path = GetContent.m; sourceTree = "<group>"; };
		9B5895891AFB985D002428B8 /* NewsParserBL.h */ = {isa = PBXFileReference; fileEncoding = 4; lastKnownFileType = sourcecode.c.h; path = NewsParserBL.h; sourceTree = "<group>"; };
		9B58958A1AFB985D002428B8 /* NewsParserBL.m */ = {isa = PBXFileReference; fileEncoding = 4; lastKnownFileType = sourcecode.c.objc; path = NewsParserBL.m; sourceTree = "<group>"; };
		9B5895911AFBB21D002428B8 /* NewsInfo.h */ = {isa = PBXFileReference; fileEncoding = 4; lastKnownFileType = sourcecode.c.h; path = NewsInfo.h; sourceTree = "<group>"; };
		9B5895921AFBB21D002428B8 /* NewsInfo.m */ = {isa = PBXFileReference; fileEncoding = 4; lastKnownFileType = sourcecode.c.objc; path = NewsInfo.m; sourceTree = "<group>"; };
		9B7799DA1B148DBD00530249 /* NewsTypeDAO.h */ = {isa = PBXFileReference; fileEncoding = 4; lastKnownFileType = sourcecode.c.h; path = NewsTypeDAO.h; sourceTree = "<group>"; };
		9B7799DB1B148DBD00530249 /* NewsTypeDAO.m */ = {isa = PBXFileReference; fileEncoding = 4; lastKnownFileType = sourcecode.c.objc; path = NewsTypeDAO.m; sourceTree = "<group>"; };
		9B7799DD1B14AEB400530249 /* ServerInterface.h */ = {isa = PBXFileReference; fileEncoding = 4; lastKnownFileType = sourcecode.c.h; path = ServerInterface.h; sourceTree = "<group>"; };
		9B7799DE1B14AEB400530249 /* ServerInterface.m */ = {isa = PBXFileReference; fileEncoding = 4; lastKnownFileType = sourcecode.c.objc; path = ServerInterface.m; sourceTree = "<group>"; };
		9B780BF01B154EE20017CEA0 /* ChannelDetailTableViewController.h */ = {isa = PBXFileReference; fileEncoding = 4; lastKnownFileType = sourcecode.c.h; path = ChannelDetailTableViewController.h; sourceTree = "<group>"; };
		9B780BF11B154EE20017CEA0 /* ChannelDetailTableViewController.m */ = {isa = PBXFileReference; fileEncoding = 4; lastKnownFileType = sourcecode.c.objc; path = ChannelDetailTableViewController.m; sourceTree = "<group>"; };
		9B8546BC1AEF165500E4E001 /* NewsDetailViewController.h */ = {isa = PBXFileReference; fileEncoding = 4; lastKnownFileType = sourcecode.c.h; path = NewsDetailViewController.h; sourceTree = "<group>"; };
		9B8546BD1AEF165500E4E001 /* NewsDetailViewController.m */ = {isa = PBXFileReference; fileEncoding = 4; lastKnownFileType = sourcecode.c.objc; path = NewsDetailViewController.m; sourceTree = "<group>"; };
		9B9C363E1AF3047800107EA3 /* UIViewController+XTSideMenu.h */ = {isa = PBXFileReference; fileEncoding = 4; lastKnownFileType = sourcecode.c.h; path = "UIViewController+XTSideMenu.h"; sourceTree = "<group>"; };
		9B9C363F1AF3047800107EA3 /* UIViewController+XTSideMenu.m */ = {isa = PBXFileReference; fileEncoding = 4; lastKnownFileType = sourcecode.c.objc; path = "UIViewController+XTSideMenu.m"; sourceTree = "<group>"; };
		9B9C36401AF3047800107EA3 /* XTSideMenu.h */ = {isa = PBXFileReference; fileEncoding = 4; lastKnownFileType = sourcecode.c.h; path = XTSideMenu.h; sourceTree = "<group>"; };
		9B9C36411AF3047800107EA3 /* XTSideMenu.m */ = {isa = PBXFileReference; fileEncoding = 4; lastKnownFileType = sourcecode.c.objc; path = XTSideMenu.m; sourceTree = "<group>"; };
		9B9C36431AF3047800107EA3 /* UIImage+ImageEffects.h */ = {isa = PBXFileReference; fileEncoding = 4; lastKnownFileType = sourcecode.c.h; path = "UIImage+ImageEffects.h"; sourceTree = "<group>"; };
		9B9C36441AF3047800107EA3 /* UIImage+ImageEffects.m */ = {isa = PBXFileReference; fileEncoding = 4; lastKnownFileType = sourcecode.c.objc; path = "UIImage+ImageEffects.m"; sourceTree = "<group>"; };
		9B9C36451AF3047800107EA3 /* UIView+XTFrame.h */ = {isa = PBXFileReference; fileEncoding = 4; lastKnownFileType = sourcecode.c.h; path = "UIView+XTFrame.h"; sourceTree = "<group>"; };
		9B9C36461AF3047800107EA3 /* UIView+XTFrame.m */ = {isa = PBXFileReference; fileEncoding = 4; lastKnownFileType = sourcecode.c.objc; path = "UIView+XTFrame.m"; sourceTree = "<group>"; };
		9B9C36471AF3047800107EA3 /* XTBlurView.h */ = {isa = PBXFileReference; fileEncoding = 4; lastKnownFileType = sourcecode.c.h; path = XTBlurView.h; sourceTree = "<group>"; };
		9B9C36481AF3047800107EA3 /* XTBlurView.m */ = {isa = PBXFileReference; fileEncoding = 4; lastKnownFileType = sourcecode.c.objc; path = XTBlurView.m; sourceTree = "<group>"; };
		9B9C36531AF30BBA00107EA3 /* BJLeftViewController.h */ = {isa = PBXFileReference; fileEncoding = 4; lastKnownFileType = sourcecode.c.h; path = BJLeftViewController.h; sourceTree = "<group>"; };
		9B9C36541AF30BBA00107EA3 /* BJLeftViewController.m */ = {isa = PBXFileReference; fileEncoding = 4; lastKnownFileType = sourcecode.c.objc; path = BJLeftViewController.m; sourceTree = "<group>"; };
		9B9E09B81AEF95790077FC2D /* NewsDetailToolBar.h */ = {isa = PBXFileReference; fileEncoding = 4; lastKnownFileType = sourcecode.c.h; path = NewsDetailToolBar.h; sourceTree = "<group>"; };
		9B9E09B91AEF95790077FC2D /* NewsDetailToolBar.m */ = {isa = PBXFileReference; fileEncoding = 4; lastKnownFileType = sourcecode.c.objc; path = NewsDetailToolBar.m; sourceTree = "<group>"; };
		9BACB6541B0B529C007216CB /* AllNewsDAO.h */ = {isa = PBXFileReference; fileEncoding = 4; lastKnownFileType = sourcecode.c.h; path = AllNewsDAO.h; sourceTree = "<group>"; };
		9BACB6551B0B529C007216CB /* AllNewsDAO.m */ = {isa = PBXFileReference; fileEncoding = 4; lastKnownFileType = sourcecode.c.objc; path = AllNewsDAO.m; sourceTree = "<group>"; };
		9BACB65A1B0B63AC007216CB /* en */ = {isa = PBXFileReference; lastKnownFileType = text.plist.strings; name = en; path = en.lproj/UMSocialLocalizable.strings; sourceTree = "<group>"; };
		9BACB65C1B0B63AC007216CB /* UMSocial.h */ = {isa = PBXFileReference; fileEncoding = 4; lastKnownFileType = sourcecode.c.h; path = UMSocial.h; sourceTree = "<group>"; };
		9BACB65D1B0B63AC007216CB /* UMSocialAccountManager.h */ = {isa = PBXFileReference; fileEncoding = 4; lastKnownFileType = sourcecode.c.h; path = UMSocialAccountManager.h; sourceTree = "<group>"; };
		9BACB65E1B0B63AC007216CB /* UMSocialBar.h */ = {isa = PBXFileReference; fileEncoding = 4; lastKnownFileType = sourcecode.c.h; path = UMSocialBar.h; sourceTree = "<group>"; };
		9BACB65F1B0B63AC007216CB /* UMSocialConfig.h */ = {isa = PBXFileReference; fileEncoding = 4; lastKnownFileType = sourcecode.c.h; path = UMSocialConfig.h; sourceTree = "<group>"; };
		9BACB6601B0B63AC007216CB /* UMSocialControllerService.h */ = {isa = PBXFileReference; fileEncoding = 4; lastKnownFileType = sourcecode.c.h; path = UMSocialControllerService.h; sourceTree = "<group>"; };
		9BACB6611B0B63AC007216CB /* UMSocialControllerServiceComment.h */ = {isa = PBXFileReference; fileEncoding = 4; lastKnownFileType = sourcecode.c.h; path = UMSocialControllerServiceComment.h; sourceTree = "<group>"; };
		9BACB6621B0B63AC007216CB /* UMSocialData.h */ = {isa = PBXFileReference; fileEncoding = 4; lastKnownFileType = sourcecode.c.h; path = UMSocialData.h; sourceTree = "<group>"; };
		9BACB6631B0B63AC007216CB /* UMSocialDataService.h */ = {isa = PBXFileReference; fileEncoding = 4; lastKnownFileType = sourcecode.c.h; path = UMSocialDataService.h; sourceTree = "<group>"; };
		9BACB6641B0B63AC007216CB /* UMSocialSnsData.h */ = {isa = PBXFileReference; fileEncoding = 4; lastKnownFileType = sourcecode.c.h; path = UMSocialSnsData.h; sourceTree = "<group>"; };
		9BACB6651B0B63AC007216CB /* UMSocialSnsPlatformManager.h */ = {isa = PBXFileReference; fileEncoding = 4; lastKnownFileType = sourcecode.c.h; path = UMSocialSnsPlatformManager.h; sourceTree = "<group>"; };
		9BACB6661B0B63AC007216CB /* UMSocialSnsService.h */ = {isa = PBXFileReference; fileEncoding = 4; lastKnownFileType = sourcecode.c.h; path = UMSocialSnsService.h; sourceTree = "<group>"; };
		9BACB6671B0B63AC007216CB /* libUMSocial_Sdk_4.2.2.a */ = {isa = PBXFileReference; lastKnownFileType = archive.ar; path = libUMSocial_Sdk_4.2.2.a; sourceTree = "<group>"; };
		9BACB6691B0B63AC007216CB /* UMSCommentDetailController.xib */ = {isa = PBXFileReference; fileEncoding = 4; lastKnownFileType = file.xib; path = UMSCommentDetailController.xib; sourceTree = "<group>"; };
		9BACB66A1B0B63AC007216CB /* UMSCommentInputController.xib */ = {isa = PBXFileReference; fileEncoding = 4; lastKnownFileType = file.xib; path = UMSCommentInputController.xib; sourceTree = "<group>"; };
		9BACB66B1B0B63AC007216CB /* UMSCommentInputControlleriPad.xib */ = {isa = PBXFileReference; fileEncoding = 4; lastKnownFileType = file.xib; path = UMSCommentInputControlleriPad.xib; sourceTree = "<group>"; };
		9BACB66C1B0B63AC007216CB /* UMShareEditViewController.xib */ = {isa = PBXFileReference; fileEncoding = 4; lastKnownFileType = file.xib; path = UMShareEditViewController.xib; sourceTree = "<group>"; };
		9BACB66D1B0B63AC007216CB /* UMShareEditViewControlleriPad.xib */ = {isa = PBXFileReference; fileEncoding = 4; lastKnownFileType = file.xib; path = UMShareEditViewControlleriPad.xib; sourceTree = "<group>"; };
		9BACB66E1B0B63AC007216CB /* UMSLoginViewController.xib */ = {isa = PBXFileReference; fileEncoding = 4; lastKnownFileType = file.xib; path = UMSLoginViewController.xib; sourceTree = "<group>"; };
		9BACB66F1B0B63AC007216CB /* UMSnsAccountViewController.xib */ = {isa = PBXFileReference; fileEncoding = 4; lastKnownFileType = file.xib; path = UMSnsAccountViewController.xib; sourceTree = "<group>"; };
		9BACB6701B0B63AC007216CB /* UMSShareListController.xib */ = {isa = PBXFileReference; fileEncoding = 4; lastKnownFileType = file.xib; path = UMSShareListController.xib; sourceTree = "<group>"; };
		9BACB6711B0B63AC007216CB /* UMSocialSDKResourcesNew.bundle */ = {isa = PBXFileReference; lastKnownFileType = "wrapper.plug-in"; path = UMSocialSDKResourcesNew.bundle; sourceTree = "<group>"; };
		9BACB6721B0B63AC007216CB /* zh-Hans */ = {isa = PBXFileReference; lastKnownFileType = text.plist.strings; name = "zh-Hans"; path = "zh-Hans.lproj/UMSocialLocalizable.strings"; sourceTree = "<group>"; };
		9BACB6751B0B63AC007216CB /* libSocialQQ.a */ = {isa = PBXFileReference; lastKnownFileType = archive.ar; path = libSocialQQ.a; sourceTree = "<group>"; };
		9BACB6761B0B63AC007216CB /* TencentOpenAPI.framework */ = {isa = PBXFileReference; lastKnownFileType = wrapper.framework; path = TencentOpenAPI.framework; sourceTree = "<group>"; };
		9BACB6771B0B63AC007216CB /* TencentOpenApi_IOS_Bundle.bundle */ = {isa = PBXFileReference; lastKnownFileType = "wrapper.plug-in"; path = TencentOpenApi_IOS_Bundle.bundle; sourceTree = "<group>"; };
		9BACB6781B0B63AC007216CB /* UMSocialQQHandler.h */ = {isa = PBXFileReference; fileEncoding = 4; lastKnownFileType = sourcecode.c.h; path = UMSocialQQHandler.h; sourceTree = "<group>"; };
		9BACB67A1B0B63AC007216CB /* ios-social-sdk-shake.html */ = {isa = PBXFileReference; fileEncoding = 4; lastKnownFileType = text.html; path = "ios-social-sdk-shake.html"; sourceTree = "<group>"; };
		9BACB67B1B0B63AC007216CB /* libUMSocial_Sdk_ScreenShot_1.0.a */ = {isa = PBXFileReference; lastKnownFileType = archive.ar; path = libUMSocial_Sdk_ScreenShot_1.0.a; sourceTree = "<group>"; };
		9BACB67C1B0B63AC007216CB /* UMSocialScreenShoter.h */ = {isa = PBXFileReference; fileEncoding = 4; lastKnownFileType = sourcecode.c.h; path = UMSocialScreenShoter.h; sourceTree = "<group>"; };
		9BACB67E1B0B63AC007216CB /* ios-social-sdk-shake.html */ = {isa = PBXFileReference; fileEncoding = 4; lastKnownFileType = text.html; path = "ios-social-sdk-shake.html"; sourceTree = "<group>"; };
		9BACB67F1B0B63AC007216CB /* libUMSocial_Sdk_Shake_1.0.a */ = {isa = PBXFileReference; lastKnownFileType = archive.ar; path = libUMSocial_Sdk_Shake_1.0.a; sourceTree = "<group>"; };
		9BACB6801B0B63AC007216CB /* UMSocialShakeService.h */ = {isa = PBXFileReference; fileEncoding = 4; lastKnownFileType = sourcecode.c.h; path = UMSocialShakeService.h; sourceTree = "<group>"; };
		9BACB6821B0B63AC007216CB /* libSocialWechat.a */ = {isa = PBXFileReference; lastKnownFileType = archive.ar; path = libSocialWechat.a; sourceTree = "<group>"; };
		9BACB6831B0B63AC007216CB /* libWeChatSDK.a */ = {isa = PBXFileReference; lastKnownFileType = archive.ar; path = libWeChatSDK.a; sourceTree = "<group>"; };
		9BACB6841B0B63AC007216CB /* UMSocialWechatHandler.h */ = {isa = PBXFileReference; fileEncoding = 4; lastKnownFileType = sourcecode.c.h; path = UMSocialWechatHandler.h; sourceTree = "<group>"; };
		9BACB6851B0B63AC007216CB /* WXApi.h */ = {isa = PBXFileReference; fileEncoding = 4; lastKnownFileType = sourcecode.c.h; path = WXApi.h; sourceTree = "<group>"; };
		9BACB6861B0B63AC007216CB /* WXApiObject.h */ = {isa = PBXFileReference; fileEncoding = 4; lastKnownFileType = sourcecode.c.h; path = WXApiObject.h; sourceTree = "<group>"; };
		9BACB6881B0B63AC007216CB /* iOS-social-analytics-releasenote.html */ = {isa = PBXFileReference; fileEncoding = 4; lastKnownFileType = text.html; path = "iOS-social-analytics-releasenote.html"; sourceTree = "<group>"; };
		9BACB6891B0B63AC007216CB /* iOS-social-releasenote.html */ = {isa = PBXFileReference; fileEncoding = 4; lastKnownFileType = text.html; path = "iOS-social-releasenote.html"; sourceTree = "<group>"; };
		9BACB68A1B0B63AC007216CB /* ios-social-sdk-comment-detail.html */ = {isa = PBXFileReference; fileEncoding = 4; lastKnownFileType = text.html; path = "ios-social-sdk-comment-detail.html"; sourceTree = "<group>"; };
		9BACB68B1B0B63AC007216CB /* ios-social-sdk-comment-quick.html */ = {isa = PBXFileReference; fileEncoding = 4; lastKnownFileType = text.html; path = "ios-social-sdk-comment-quick.html"; sourceTree = "<group>"; };
		9BACB68C1B0B63AC007216CB /* ios-social-sdk-like.html */ = {isa = PBXFileReference; fileEncoding = 4; lastKnownFileType = text.html; path = "ios-social-sdk-like.html"; sourceTree = "<group>"; };
		9BACB68D1B0B63AC007216CB /* ios-social-sdk-login-detail.html */ = {isa = PBXFileReference; fileEncoding = 4; lastKnownFileType = text.html; path = "ios-social-sdk-login-detail.html"; sourceTree = "<group>"; };
		9BACB68E1B0B63AC007216CB /* ios-social-sdk-login-quick.html */ = {isa = PBXFileReference; fileEncoding = 4; lastKnownFileType = text.html; path = "ios-social-sdk-login-quick.html"; sourceTree = "<group>"; };
		9BACB68F1B0B63AC007216CB /* ios-social-sdk-shake.html */ = {isa = PBXFileReference; fileEncoding = 4; lastKnownFileType = text.html; path = "ios-social-sdk-shake.html"; sourceTree = "<group>"; };
		9BACB6901B0B63AC007216CB /* ios-social-sdk-share-detail.html */ = {isa = PBXFileReference; fileEncoding = 4; lastKnownFileType = text.html; path = "ios-social-sdk-share-detail.html"; sourceTree = "<group>"; };
		9BACB6911B0B63AC007216CB /* ios-social-sdk-share-quick.html */ = {isa = PBXFileReference; fileEncoding = 4; lastKnownFileType = text.html; path = "ios-social-sdk-share-quick.html"; sourceTree = "<group>"; };
		9BACB6921B0B63AC007216CB /* ios-social-sdk-socialBar.html */ = {isa = PBXFileReference; fileEncoding = 4; lastKnownFileType = text.html; path = "ios-social-sdk-socialBar.html"; sourceTree = "<group>"; };
		9BACB6931B0B63AC007216CB /* markdown.css */ = {isa = PBXFileReference; fileEncoding = 4; lastKnownFileType = text.css; path = markdown.css; sourceTree = "<group>"; };
		9BACB6B41B0B64B9007216CB /* Security.framework */ = {isa = PBXFileReference; lastKnownFileType = wrapper.framework; name = Security.framework; path = System/Library/Frameworks/Security.framework; sourceTree = SDKROOT; };
		9BACB6B61B0B64C4007216CB /* libiconv.dylib */ = {isa = PBXFileReference; lastKnownFileType = "compiled.mach-o.dylib"; name = libiconv.dylib; path = usr/lib/libiconv.dylib; sourceTree = SDKROOT; };
		9BACB6B81B0B64D7007216CB /* SystemConfiguration.framework */ = {isa = PBXFileReference; lastKnownFileType = wrapper.framework; name = SystemConfiguration.framework; path = System/Library/Frameworks/SystemConfiguration.framework; sourceTree = SDKROOT; };
		9BACB6BA1B0B64E4007216CB /* CoreGraphics.framework */ = {isa = PBXFileReference; lastKnownFileType = wrapper.framework; name = CoreGraphics.framework; path = System/Library/Frameworks/CoreGraphics.framework; sourceTree = SDKROOT; };
		9BACB6BC1B0B64F2007216CB /* libsqlite3.dylib */ = {isa = PBXFileReference; lastKnownFileType = "compiled.mach-o.dylib"; name = libsqlite3.dylib; path = usr/lib/libsqlite3.dylib; sourceTree = SDKROOT; };
		9BACB6BE1B0B64F9007216CB /* CoreTelephony.framework */ = {isa = PBXFileReference; lastKnownFileType = wrapper.framework; name = CoreTelephony.framework; path = System/Library/Frameworks/CoreTelephony.framework; sourceTree = SDKROOT; };
		9BACB6C01B0B6506007216CB /* libstdc++.dylib */ = {isa = PBXFileReference; lastKnownFileType = "compiled.mach-o.dylib"; name = "libstdc++.dylib"; path = "usr/lib/libstdc++.dylib"; sourceTree = SDKROOT; };
		9BACB6C21B0B650F007216CB /* libz.dylib */ = {isa = PBXFileReference; lastKnownFileType = "compiled.mach-o.dylib"; name = libz.dylib; path = usr/lib/libz.dylib; sourceTree = SDKROOT; };
		9BACB6C41B0B81A3007216CB /* ImageIO.framework */ = {isa = PBXFileReference; lastKnownFileType = wrapper.framework; name = ImageIO.framework; path = System/Library/Frameworks/ImageIO.framework; sourceTree = SDKROOT; };
		9BD4527C1B0C047300B7521C /* OpenGLES.framework */ = {isa = PBXFileReference; lastKnownFileType = wrapper.framework; name = OpenGLES.framework; path = System/Library/Frameworks/OpenGLES.framework; sourceTree = SDKROOT; };
		9BD4527E1B0C047F00B7521C /* MediaPlayer.framework */ = {isa = PBXFileReference; lastKnownFileType = wrapper.framework; name = MediaPlayer.framework; path = System/Library/Frameworks/MediaPlayer.framework; sourceTree = SDKROOT; };
		9BD5723E1B0C7998003A8B61 /* Tools.h */ = {isa = PBXFileReference; fileEncoding = 4; lastKnownFileType = sourcecode.c.h; path = Tools.h; sourceTree = "<group>"; };
		9BD5723F1B0C7998003A8B61 /* Tools.m */ = {isa = PBXFileReference; fileEncoding = 4; lastKnownFileType = sourcecode.c.objc; path = Tools.m; sourceTree = "<group>"; };
		9BE110CD1AF3547F006D97B8 /* LeftViewCell.h */ = {isa = PBXFileReference; fileEncoding = 4; lastKnownFileType = sourcecode.c.h; path = LeftViewCell.h; sourceTree = "<group>"; };
		9BE110CE1AF3547F006D97B8 /* LeftViewCell.m */ = {isa = PBXFileReference; fileEncoding = 4; lastKnownFileType = sourcecode.c.objc; path = LeftViewCell.m; sourceTree = "<group>"; };
		9BE110CF1AF3547F006D97B8 /* LeftViewCell.xib */ = {isa = PBXFileReference; fileEncoding = 4; lastKnownFileType = file.xib; path = LeftViewCell.xib; sourceTree = "<group>"; };
		FFDAA37812B63F2382157D97 /* Pods.release.xcconfig */ = {isa = PBXFileReference; includeInIndex = 1; lastKnownFileType = text.xcconfig; name = Pods.release.xcconfig; path = "Pods/Target Support Files/Pods/Pods.release.xcconfig"; sourceTree = "<group>"; };
/* End PBXFileReference section */

/* Begin PBXFrameworksBuildPhase section */
		9B19AD2D1AEE60EC00DB9F46 /* Frameworks */ = {
			isa = PBXFrameworksBuildPhase;
			buildActionMask = 2147483647;
			files = (
				9BD4527F1B0C047F00B7521C /* MediaPlayer.framework in Frameworks */,
				9BD4527D1B0C047300B7521C /* OpenGLES.framework in Frameworks */,
				9BACB6C51B0B81A3007216CB /* ImageIO.framework in Frameworks */,
				9BACB6C31B0B650F007216CB /* libz.dylib in Frameworks */,
				9BACB6C11B0B6506007216CB /* libstdc++.dylib in Frameworks */,
				9BACB6BF1B0B64F9007216CB /* CoreTelephony.framework in Frameworks */,
				9BACB6BD1B0B64F2007216CB /* libsqlite3.dylib in Frameworks */,
				9BACB6BB1B0B64E4007216CB /* CoreGraphics.framework in Frameworks */,
				9BACB6B91B0B64D7007216CB /* SystemConfiguration.framework in Frameworks */,
				9BACB6B71B0B64C5007216CB /* libiconv.dylib in Frameworks */,
				9BACB6B51B0B64B9007216CB /* Security.framework in Frameworks */,
				9BACB69F1B0B63AC007216CB /* libSocialQQ.a in Frameworks */,
				9BACB6A31B0B63AC007216CB /* libUMSocial_Sdk_ScreenShot_1.0.a in Frameworks */,
				9BACB6A71B0B63AC007216CB /* libWeChatSDK.a in Frameworks */,
				9BACB6A01B0B63AC007216CB /* TencentOpenAPI.framework in Frameworks */,
				9BACB6951B0B63AC007216CB /* libUMSocial_Sdk_4.2.2.a in Frameworks */,
				9BACB6A51B0B63AC007216CB /* libUMSocial_Sdk_Shake_1.0.a in Frameworks */,
				D277C89BABC1E19BAE9DDE95 /* libPods.a in Frameworks */,
				9BACB6A61B0B63AC007216CB /* libSocialWechat.a in Frameworks */,
			);
			runOnlyForDeploymentPostprocessing = 0;
		};
		9B19AD461AEE60EC00DB9F46 /* Frameworks */ = {
			isa = PBXFrameworksBuildPhase;
			buildActionMask = 2147483647;
			files = (
			);
			runOnlyForDeploymentPostprocessing = 0;
		};
/* End PBXFrameworksBuildPhase section */

/* Begin PBXGroup section */
		9B09CB2F1AFA391600DCB250 /* SDCycleScrollView */ = {
			isa = PBXGroup;
			children = (
				9B09CB301AFA391600DCB250 /* SDCollectionViewCell.h */,
				9B09CB311AFA391600DCB250 /* SDCollectionViewCell.m */,
				9B09CB321AFA391600DCB250 /* SDCycleScrollView.h */,
				9B09CB331AFA391600DCB250 /* SDCycleScrollView.m */,
				9B09CB341AFA391600DCB250 /* TAAbstractDotView.h */,
				9B09CB351AFA391600DCB250 /* TAAbstractDotView.m */,
				9B09CB361AFA391600DCB250 /* TAAnimatedDotView.h */,
				9B09CB371AFA391600DCB250 /* TAAnimatedDotView.m */,
				9B09CB381AFA391600DCB250 /* TADotView.h */,
				9B09CB391AFA391600DCB250 /* TADotView.m */,
				9B09CB3A1AFA391600DCB250 /* TAPageControl.h */,
				9B09CB3B1AFA391600DCB250 /* TAPageControl.m */,
				9B09CB3C1AFA391600DCB250 /* UIView+SDExtension.h */,
				9B09CB3D1AFA391600DCB250 /* UIView+SDExtension.m */,
			);
			path = SDCycleScrollView;
			sourceTree = "<group>";
		};
		9B19AD271AEE60EB00DB9F46 = {
			isa = PBXGroup;
			children = (
				9B19AD321AEE60EC00DB9F46 /* BaiDuBaiJia */,
				9B19AD651AEE693E00DB9F46 /* BusinessLayer */,
				9B19AD661AEE69A100DB9F46 /* PersistenceLayer */,
				9B9C363C1AF3047800107EA3 /* Lib */,
				9B19AD4C1AEE60EC00DB9F46 /* BaiDuBaiJiaTests */,
				9B19AD331AEE60EC00DB9F46 /* Supporting Files */,
				9B19AD311AEE60EC00DB9F46 /* Products */,
				ED5CEE0A273D4788DEB098BD /* Pods */,
				9D6FE87887B2288DD8608E9F /* Frameworks */,
			);
			sourceTree = "<group>";
		};
		9B19AD311AEE60EC00DB9F46 /* Products */ = {
			isa = PBXGroup;
			children = (
				9B19AD301AEE60EC00DB9F46 /* BaiDuBaiJia.app */,
				9B19AD491AEE60EC00DB9F46 /* BaiDuBaiJiaTests.xctest */,
			);
			name = Products;
			sourceTree = "<group>";
		};
		9B19AD321AEE60EC00DB9F46 /* BaiDuBaiJia */ = {
			isa = PBXGroup;
			children = (
				9BD5723D1B0C7983003A8B61 /* HelpClass */,
				9B8546BF1AEF166000E4E001 /* Controller */,
				9B9E09B41AEF94F30077FC2D /* View */,
				9B19AD3D1AEE60EC00DB9F46 /* Main.storyboard */,
			);
			path = BaiDuBaiJia;
			sourceTree = "<group>";
		};
		9B19AD331AEE60EC00DB9F46 /* Supporting Files */ = {
			isa = PBXGroup;
			children = (
				9B09CB271AFA382500DCB250 /* h1.jpg */,
				9B09CB281AFA382500DCB250 /* h3.jpg */,
				9B09CB291AFA382500DCB250 /* h2.jpg */,
				9B09CB2A1AFA382500DCB250 /* h4.jpg */,
				9B19AD401AEE60EC00DB9F46 /* Images.xcassets */,
				9B19AD421AEE60EC00DB9F46 /* LaunchScreen.xib */,
				9B19AD371AEE60EC00DB9F46 /* AppDelegate.h */,
				9B19AD381AEE60EC00DB9F46 /* AppDelegate.m */,
				9B19AD341AEE60EC00DB9F46 /* Info.plist */,
				9B19AD351AEE60EC00DB9F46 /* main.m */,
			);
			name = "Supporting Files";
			path = BaiDuBaiJia;
			sourceTree = "<group>";
		};
		9B19AD4C1AEE60EC00DB9F46 /* BaiDuBaiJiaTests */ = {
			isa = PBXGroup;
			children = (
				9B19AD4F1AEE60EC00DB9F46 /* BaiDuBaiJiaTests.m */,
				9B19AD4D1AEE60EC00DB9F46 /* Supporting Files */,
			);
			path = BaiDuBaiJiaTests;
			sourceTree = "<group>";
		};
		9B19AD4D1AEE60EC00DB9F46 /* Supporting Files */ = {
			isa = PBXGroup;
			children = (
				9B19AD4E1AEE60EC00DB9F46 /* Info.plist */,
			);
			name = "Supporting Files";
			sourceTree = "<group>";
		};
		9B19AD651AEE693E00DB9F46 /* BusinessLayer */ = {
			isa = PBXGroup;
			children = (
				9B588BC51B16D0D4001683FC /* GetContent.h */,
				9B588BC61B16D0D4001683FC /* GetContent.m */,
				9B19AD671AEE69E700DB9F46 /* NetworkBL.h */,
				9B19AD681AEE69E700DB9F46 /* NetworkBL.m */,
				9B7799DD1B14AEB400530249 /* ServerInterface.h */,
				9B7799DE1B14AEB400530249 /* ServerInterface.m */,
				9B5895891AFB985D002428B8 /* NewsParserBL.h */,
				9B58958A1AFB985D002428B8 /* NewsParserBL.m */,
			);
			name = BusinessLayer;
			path = BaiDuBaiJia;
			sourceTree = "<group>";
		};
		9B19AD661AEE69A100DB9F46 /* PersistenceLayer */ = {
			isa = PBXGroup;
			children = (
				9B5895901AFBB1B8002428B8 /* LocalDataBase */,
				9B58958F1AFBB18F002428B8 /* Model */,
			);
			name = PersistenceLayer;
			path = BaiDuBaiJia;
			sourceTree = "<group>";
		};
		9B58958F1AFBB18F002428B8 /* Model */ = {
			isa = PBXGroup;
			children = (
				9B5895911AFBB21D002428B8 /* NewsInfo.h */,
				9B5895921AFBB21D002428B8 /* NewsInfo.m */,
			);
			name = Model;
			sourceTree = "<group>";
		};
		9B5895901AFBB1B8002428B8 /* LocalDataBase */ = {
			isa = PBXGroup;
			children = (
				9BACB6541B0B529C007216CB /* AllNewsDAO.h */,
				9BACB6551B0B529C007216CB /* AllNewsDAO.m */,
				9B7799DA1B148DBD00530249 /* NewsTypeDAO.h */,
				9B7799DB1B148DBD00530249 /* NewsTypeDAO.m */,
			);
			name = LocalDataBase;
			sourceTree = "<group>";
		};
		9B780BD71B154C930017CEA0 /* DetailChannelViewController */ = {
			isa = PBXGroup;
			children = (
				9B9C36531AF30BBA00107EA3 /* BJLeftViewController.h */,
				9B9C36541AF30BBA00107EA3 /* BJLeftViewController.m */,
				9B780BF01B154EE20017CEA0 /* ChannelDetailTableViewController.h */,
				9B780BF11B154EE20017CEA0 /* ChannelDetailTableViewController.m */,
			);
			name = DetailChannelViewController;
			sourceTree = "<group>";
		};
		9B8546BF1AEF166000E4E001 /* Controller */ = {
			isa = PBXGroup;
			children = (
				9B9C364F1AF30A9000107EA3 /* XTSideMenu */,
				9B19AD3A1AEE60EC00DB9F46 /* ViewController.h */,
				9B19AD3B1AEE60EC00DB9F46 /* ViewController.m */,
				9B19AD6D1AEE741000DB9F46 /* NewsShowCell.h */,
				9B19AD6E1AEE741000DB9F46 /* NewsShowCell.m */,
				9B19AD6F1AEE741000DB9F46 /* NewsShowCell.xib */,
				9B9C364E1AF30A6E00107EA3 /* newsDetail */,
			);
			name = Controller;
			sourceTree = "<group>";
		};
		9B9C363C1AF3047800107EA3 /* Lib */ = {
			isa = PBXGroup;
			children = (
				9BACB6571B0B63AC007216CB /* umeng_ios_social_sdk_4.2.2_arm64_custom */,
				9B09CB2F1AFA391600DCB250 /* SDCycleScrollView */,
				9B9C363D1AF3047800107EA3 /* XTSideMenu */,
			);
			name = Lib;
			path = BaiDuBaiJia/Lib;
			sourceTree = "<group>";
		};
		9B9C363D1AF3047800107EA3 /* XTSideMenu */ = {
			isa = PBXGroup;
			children = (
				9B9C363E1AF3047800107EA3 /* UIViewController+XTSideMenu.h */,
				9B9C363F1AF3047800107EA3 /* UIViewController+XTSideMenu.m */,
				9B9C36401AF3047800107EA3 /* XTSideMenu.h */,
				9B9C36411AF3047800107EA3 /* XTSideMenu.m */,
				9B9C36421AF3047800107EA3 /* XTSideMenuHelper */,
			);
			path = XTSideMenu;
			sourceTree = "<group>";
		};
		9B9C36421AF3047800107EA3 /* XTSideMenuHelper */ = {
			isa = PBXGroup;
			children = (
				9B9C36431AF3047800107EA3 /* UIImage+ImageEffects.h */,
				9B9C36441AF3047800107EA3 /* UIImage+ImageEffects.m */,
				9B9C36451AF3047800107EA3 /* UIView+XTFrame.h */,
				9B9C36461AF3047800107EA3 /* UIView+XTFrame.m */,
				9B9C36471AF3047800107EA3 /* XTBlurView.h */,
				9B9C36481AF3047800107EA3 /* XTBlurView.m */,
			);
			path = XTSideMenuHelper;
			sourceTree = "<group>";
		};
		9B9C364E1AF30A6E00107EA3 /* newsDetail */ = {
			isa = PBXGroup;
			children = (
				9B8546BC1AEF165500E4E001 /* NewsDetailViewController.h */,
				9B8546BD1AEF165500E4E001 /* NewsDetailViewController.m */,
			);
			name = newsDetail;
			sourceTree = "<group>";
		};
		9B9C364F1AF30A9000107EA3 /* XTSideMenu */ = {
			isa = PBXGroup;
			children = (
				9B780BD71B154C930017CEA0 /* DetailChannelViewController */,
			);
			name = XTSideMenu;
			sourceTree = "<group>";
		};
		9B9E09B41AEF94F30077FC2D /* View */ = {
			isa = PBXGroup;
			children = (
				9B9E09B81AEF95790077FC2D /* NewsDetailToolBar.h */,
				9B9E09B91AEF95790077FC2D /* NewsDetailToolBar.m */,
				9BE110CD1AF3547F006D97B8 /* LeftViewCell.h */,
				9BE110CE1AF3547F006D97B8 /* LeftViewCell.m */,
				9BE110CF1AF3547F006D97B8 /* LeftViewCell.xib */,
			);
			name = View;
			sourceTree = "<group>";
		};
		9BACB6571B0B63AC007216CB /* umeng_ios_social_sdk_4.2.2_arm64_custom */ = {
			isa = PBXGroup;
			children = (
				9BACB6581B0B63AC007216CB /* UMSocial_Sdk_4.2.2 */,
				9BACB6731B0B63AC007216CB /* UMSocial_Sdk_Extra_Frameworks */,
				9BACB6871B0B63AC007216CB /* UMSocial_Sdk_Instructions */,
			);
			path = umeng_ios_social_sdk_4.2.2_arm64_custom;
			sourceTree = "<group>";
		};
		9BACB6581B0B63AC007216CB /* UMSocial_Sdk_4.2.2 */ = {
			isa = PBXGroup;
			children = (
				9BACB6591B0B63AC007216CB /* UMSocialLocalizable.strings */,
				9BACB65B1B0B63AC007216CB /* Header */,
				9BACB6671B0B63AC007216CB /* libUMSocial_Sdk_4.2.2.a */,
				9BACB6681B0B63AC007216CB /* SocialSDKXib */,
				9BACB6711B0B63AC007216CB /* UMSocialSDKResourcesNew.bundle */,
			);
			path = UMSocial_Sdk_4.2.2;
			sourceTree = "<group>";
		};
		9BACB65B1B0B63AC007216CB /* Header */ = {
			isa = PBXGroup;
			children = (
				9BACB65C1B0B63AC007216CB /* UMSocial.h */,
				9BACB65D1B0B63AC007216CB /* UMSocialAccountManager.h */,
				9BACB65E1B0B63AC007216CB /* UMSocialBar.h */,
				9BACB65F1B0B63AC007216CB /* UMSocialConfig.h */,
				9BACB6601B0B63AC007216CB /* UMSocialControllerService.h */,
				9BACB6611B0B63AC007216CB /* UMSocialControllerServiceComment.h */,
				9BACB6621B0B63AC007216CB /* UMSocialData.h */,
				9BACB6631B0B63AC007216CB /* UMSocialDataService.h */,
				9BACB6641B0B63AC007216CB /* UMSocialSnsData.h */,
				9BACB6651B0B63AC007216CB /* UMSocialSnsPlatformManager.h */,
				9BACB6661B0B63AC007216CB /* UMSocialSnsService.h */,
			);
			path = Header;
			sourceTree = "<group>";
		};
		9BACB6681B0B63AC007216CB /* SocialSDKXib */ = {
			isa = PBXGroup;
			children = (
				9BACB6691B0B63AC007216CB /* UMSCommentDetailController.xib */,
				9BACB66A1B0B63AC007216CB /* UMSCommentInputController.xib */,
				9BACB66B1B0B63AC007216CB /* UMSCommentInputControlleriPad.xib */,
				9BACB66C1B0B63AC007216CB /* UMShareEditViewController.xib */,
				9BACB66D1B0B63AC007216CB /* UMShareEditViewControlleriPad.xib */,
				9BACB66E1B0B63AC007216CB /* UMSLoginViewController.xib */,
				9BACB66F1B0B63AC007216CB /* UMSnsAccountViewController.xib */,
				9BACB6701B0B63AC007216CB /* UMSShareListController.xib */,
			);
			path = SocialSDKXib;
			sourceTree = "<group>";
		};
		9BACB6731B0B63AC007216CB /* UMSocial_Sdk_Extra_Frameworks */ = {
			isa = PBXGroup;
			children = (
				9BACB6741B0B63AC007216CB /* TencentOpenAPI */,
				9BACB6791B0B63AC007216CB /* UMSocial_ScreenShot_Sdk */,
				9BACB67D1B0B63AC007216CB /* UMSocial_Shake_Sdk */,
				9BACB6811B0B63AC007216CB /* Wechat */,
			);
			path = UMSocial_Sdk_Extra_Frameworks;
			sourceTree = "<group>";
		};
		9BACB6741B0B63AC007216CB /* TencentOpenAPI */ = {
			isa = PBXGroup;
			children = (
				9BACB6751B0B63AC007216CB /* libSocialQQ.a */,
				9BACB6761B0B63AC007216CB /* TencentOpenAPI.framework */,
				9BACB6771B0B63AC007216CB /* TencentOpenApi_IOS_Bundle.bundle */,
				9BACB6781B0B63AC007216CB /* UMSocialQQHandler.h */,
			);
			path = TencentOpenAPI;
			sourceTree = "<group>";
		};
		9BACB6791B0B63AC007216CB /* UMSocial_ScreenShot_Sdk */ = {
			isa = PBXGroup;
			children = (
				9BACB67A1B0B63AC007216CB /* ios-social-sdk-shake.html */,
				9BACB67B1B0B63AC007216CB /* libUMSocial_Sdk_ScreenShot_1.0.a */,
				9BACB67C1B0B63AC007216CB /* UMSocialScreenShoter.h */,
			);
			path = UMSocial_ScreenShot_Sdk;
			sourceTree = "<group>";
		};
		9BACB67D1B0B63AC007216CB /* UMSocial_Shake_Sdk */ = {
			isa = PBXGroup;
			children = (
				9BACB67E1B0B63AC007216CB /* ios-social-sdk-shake.html */,
				9BACB67F1B0B63AC007216CB /* libUMSocial_Sdk_Shake_1.0.a */,
				9BACB6801B0B63AC007216CB /* UMSocialShakeService.h */,
			);
			path = UMSocial_Shake_Sdk;
			sourceTree = "<group>";
		};
		9BACB6811B0B63AC007216CB /* Wechat */ = {
			isa = PBXGroup;
			children = (
				9BACB6821B0B63AC007216CB /* libSocialWechat.a */,
				9BACB6831B0B63AC007216CB /* libWeChatSDK.a */,
				9BACB6841B0B63AC007216CB /* UMSocialWechatHandler.h */,
				9BACB6851B0B63AC007216CB /* WXApi.h */,
				9BACB6861B0B63AC007216CB /* WXApiObject.h */,
			);
			path = Wechat;
			sourceTree = "<group>";
		};
		9BACB6871B0B63AC007216CB /* UMSocial_Sdk_Instructions */ = {
			isa = PBXGroup;
			children = (
				9BACB6881B0B63AC007216CB /* iOS-social-analytics-releasenote.html */,
				9BACB6891B0B63AC007216CB /* iOS-social-releasenote.html */,
				9BACB68A1B0B63AC007216CB /* ios-social-sdk-comment-detail.html */,
				9BACB68B1B0B63AC007216CB /* ios-social-sdk-comment-quick.html */,
				9BACB68C1B0B63AC007216CB /* ios-social-sdk-like.html */,
				9BACB68D1B0B63AC007216CB /* ios-social-sdk-login-detail.html */,
				9BACB68E1B0B63AC007216CB /* ios-social-sdk-login-quick.html */,
				9BACB68F1B0B63AC007216CB /* ios-social-sdk-shake.html */,
				9BACB6901B0B63AC007216CB /* ios-social-sdk-share-detail.html */,
				9BACB6911B0B63AC007216CB /* ios-social-sdk-share-quick.html */,
				9BACB6921B0B63AC007216CB /* ios-social-sdk-socialBar.html */,
				9BACB6931B0B63AC007216CB /* markdown.css */,
			);
			path = UMSocial_Sdk_Instructions;
			sourceTree = "<group>";
		};
		9BD5723D1B0C7983003A8B61 /* HelpClass */ = {
			isa = PBXGroup;
			children = (
				9BD5723E1B0C7998003A8B61 /* Tools.h */,
				9BD5723F1B0C7998003A8B61 /* Tools.m */,
			);
			path = HelpClass;
			sourceTree = "<group>";
		};
		9D6FE87887B2288DD8608E9F /* Frameworks */ = {
			isa = PBXGroup;
			children = (
				9BD4527E1B0C047F00B7521C /* MediaPlayer.framework */,
				9BD4527C1B0C047300B7521C /* OpenGLES.framework */,
				9BACB6C41B0B81A3007216CB /* ImageIO.framework */,
				9BACB6C21B0B650F007216CB /* libz.dylib */,
				9BACB6C01B0B6506007216CB /* libstdc++.dylib */,
				9BACB6BE1B0B64F9007216CB /* CoreTelephony.framework */,
				9BACB6BC1B0B64F2007216CB /* libsqlite3.dylib */,
				9BACB6BA1B0B64E4007216CB /* CoreGraphics.framework */,
				9BACB6B81B0B64D7007216CB /* SystemConfiguration.framework */,
				9BACB6B61B0B64C4007216CB /* libiconv.dylib */,
				9BACB6B41B0B64B9007216CB /* Security.framework */,
				34C8B648C6A7143085919AE1 /* libPods.a */,
			);
			name = Frameworks;
			sourceTree = "<group>";
		};
		ED5CEE0A273D4788DEB098BD /* Pods */ = {
			isa = PBXGroup;
			children = (
				39E465BD8AE8E3BE0BD69BC1 /* Pods.debug.xcconfig */,
				FFDAA37812B63F2382157D97 /* Pods.release.xcconfig */,
			);
			name = Pods;
			sourceTree = "<group>";
		};
/* End PBXGroup section */

/* Begin PBXNativeTarget section */
		9B19AD2F1AEE60EC00DB9F46 /* BaiDuBaiJia */ = {
			isa = PBXNativeTarget;
			buildConfigurationList = 9B19AD531AEE60EC00DB9F46 /* Build configuration list for PBXNativeTarget "BaiDuBaiJia" */;
			buildPhases = (
				12B979D90A89FB1E6B3A993B /* Check Pods Manifest.lock */,
				9B19AD2C1AEE60EC00DB9F46 /* Sources */,
				9B19AD2D1AEE60EC00DB9F46 /* Frameworks */,
				9B19AD2E1AEE60EC00DB9F46 /* Resources */,
				E29C4CBB84A9824B23F55B91 /* Copy Pods Resources */,
			);
			buildRules = (
			);
			dependencies = (
			);
			name = BaiDuBaiJia;
			productName = BaiDuBaiJia;
			productReference = 9B19AD301AEE60EC00DB9F46 /* BaiDuBaiJia.app */;
			productType = "com.apple.product-type.application";
		};
		9B19AD481AEE60EC00DB9F46 /* BaiDuBaiJiaTests */ = {
			isa = PBXNativeTarget;
			buildConfigurationList = 9B19AD561AEE60EC00DB9F46 /* Build configuration list for PBXNativeTarget "BaiDuBaiJiaTests" */;
			buildPhases = (
				9B19AD451AEE60EC00DB9F46 /* Sources */,
				9B19AD461AEE60EC00DB9F46 /* Frameworks */,
				9B19AD471AEE60EC00DB9F46 /* Resources */,
			);
			buildRules = (
			);
			dependencies = (
				9B19AD4B1AEE60EC00DB9F46 /* PBXTargetDependency */,
			);
			name = BaiDuBaiJiaTests;
			productName = BaiDuBaiJiaTests;
			productReference = 9B19AD491AEE60EC00DB9F46 /* BaiDuBaiJiaTests.xctest */;
			productType = "com.apple.product-type.bundle.unit-test";
		};
/* End PBXNativeTarget section */

/* Begin PBXProject section */
		9B19AD281AEE60EB00DB9F46 /* Project object */ = {
			isa = PBXProject;
			attributes = {
				LastUpgradeCheck = 0620;
				ORGANIZATIONNAME = WayneLiu;
				TargetAttributes = {
					9B19AD2F1AEE60EC00DB9F46 = {
						CreatedOnToolsVersion = 6.2;
						DevelopmentTeam = M892P9SSGG;
					};
					9B19AD481AEE60EC00DB9F46 = {
						CreatedOnToolsVersion = 6.2;
						TestTargetID = 9B19AD2F1AEE60EC00DB9F46;
					};
				};
			};
			buildConfigurationList = 9B19AD2B1AEE60EB00DB9F46 /* Build configuration list for PBXProject "BaiDuBaiJia" */;
			compatibilityVersion = "Xcode 3.2";
			developmentRegion = English;
			hasScannedForEncodings = 0;
			knownRegions = (
				en,
				Base,
				"zh-Hans",
			);
			mainGroup = 9B19AD271AEE60EB00DB9F46;
			productRefGroup = 9B19AD311AEE60EC00DB9F46 /* Products */;
			projectDirPath = "";
			projectRoot = "";
			targets = (
				9B19AD2F1AEE60EC00DB9F46 /* BaiDuBaiJia */,
				9B19AD481AEE60EC00DB9F46 /* BaiDuBaiJiaTests */,
			);
		};
/* End PBXProject section */

/* Begin PBXResourcesBuildPhase section */
		9B19AD2E1AEE60EC00DB9F46 /* Resources */ = {
			isa = PBXResourcesBuildPhase;
			buildActionMask = 2147483647;
			files = (
				9BACB69C1B0B63AC007216CB /* UMSnsAccountViewController.xib in Resources */,
				9BACB6991B0B63AC007216CB /* UMShareEditViewController.xib in Resources */,
				9B09CB2C1AFA382500DCB250 /* h3.jpg in Resources */,
				9BACB6B01B0B63AC007216CB /* ios-social-sdk-share-detail.html in Resources */,
				9BACB6AC1B0B63AC007216CB /* ios-social-sdk-like.html in Resources */,
				9B19AD3F1AEE60EC00DB9F46 /* Main.storyboard in Resources */,
				9BACB6941B0B63AC007216CB /* UMSocialLocalizable.strings in Resources */,
				9B19AD441AEE60EC00DB9F46 /* LaunchScreen.xib in Resources */,
				9BACB69A1B0B63AC007216CB /* UMShareEditViewControlleriPad.xib in Resources */,
				9BACB6A41B0B63AC007216CB /* ios-social-sdk-shake.html in Resources */,
				9BACB6AF1B0B63AC007216CB /* ios-social-sdk-shake.html in Resources */,
				9BACB6961B0B63AC007216CB /* UMSCommentDetailController.xib in Resources */,
				9BACB6A11B0B63AC007216CB /* TencentOpenApi_IOS_Bundle.bundle in Resources */,
				9BACB6AB1B0B63AC007216CB /* ios-social-sdk-comment-quick.html in Resources */,
				9BACB6B11B0B63AC007216CB /* ios-social-sdk-share-quick.html in Resources */,
				9BACB6A21B0B63AC007216CB /* ios-social-sdk-shake.html in Resources */,
				9BACB6A81B0B63AC007216CB /* iOS-social-analytics-releasenote.html in Resources */,
				9B19AD411AEE60EC00DB9F46 /* Images.xcassets in Resources */,
				9BACB6A91B0B63AC007216CB /* iOS-social-releasenote.html in Resources */,
				9BACB6AA1B0B63AC007216CB /* ios-social-sdk-comment-detail.html in Resources */,
				9BACB6B31B0B63AC007216CB /* markdown.css in Resources */,
				9BACB69B1B0B63AC007216CB /* UMSLoginViewController.xib in Resources */,
				9BACB6971B0B63AC007216CB /* UMSCommentInputController.xib in Resources */,
				9B09CB2E1AFA382500DCB250 /* h4.jpg in Resources */,
				9BACB6AE1B0B63AC007216CB /* ios-social-sdk-login-quick.html in Resources */,
				9B19AD711AEE741000DB9F46 /* NewsShowCell.xib in Resources */,
				9B09CB2B1AFA382500DCB250 /* h1.jpg in Resources */,
				9BACB69E1B0B63AC007216CB /* UMSocialSDKResourcesNew.bundle in Resources */,
				9BE110D11AF3547F006D97B8 /* LeftViewCell.xib in Resources */,
				9BACB6981B0B63AC007216CB /* UMSCommentInputControlleriPad.xib in Resources */,
				9B09CB2D1AFA382500DCB250 /* h2.jpg in Resources */,
				9BACB6AD1B0B63AC007216CB /* ios-social-sdk-login-detail.html in Resources */,
				9BACB6B21B0B63AC007216CB /* ios-social-sdk-socialBar.html in Resources */,
				9BACB69D1B0B63AC007216CB /* UMSShareListController.xib in Resources */,
			);
			runOnlyForDeploymentPostprocessing = 0;
		};
		9B19AD471AEE60EC00DB9F46 /* Resources */ = {
			isa = PBXResourcesBuildPhase;
			buildActionMask = 2147483647;
			files = (
			);
			runOnlyForDeploymentPostprocessing = 0;
		};
/* End PBXResourcesBuildPhase section */

/* Begin PBXShellScriptBuildPhase section */
		12B979D90A89FB1E6B3A993B /* Check Pods Manifest.lock */ = {
			isa = PBXShellScriptBuildPhase;
			buildActionMask = 2147483647;
			files = (
			);
			inputPaths = (
			);
			name = "Check Pods Manifest.lock";
			outputPaths = (
			);
			runOnlyForDeploymentPostprocessing = 0;
			shellPath = /bin/sh;
			shellScript = "diff \"${PODS_ROOT}/../Podfile.lock\" \"${PODS_ROOT}/Manifest.lock\" > /dev/null\nif [[ $? != 0 ]] ; then\n    cat << EOM\nerror: The sandbox is not in sync with the Podfile.lock. Run 'pod install' or update your CocoaPods installation.\nEOM\n    exit 1\nfi\n";
			showEnvVarsInLog = 0;
		};
		E29C4CBB84A9824B23F55B91 /* Copy Pods Resources */ = {
			isa = PBXShellScriptBuildPhase;
			buildActionMask = 2147483647;
			files = (
			);
			inputPaths = (
			);
			name = "Copy Pods Resources";
			outputPaths = (
			);
			runOnlyForDeploymentPostprocessing = 0;
			shellPath = /bin/sh;
			shellScript = "\"${SRCROOT}/Pods/Target Support Files/Pods/Pods-resources.sh\"\n";
			showEnvVarsInLog = 0;
		};
/* End PBXShellScriptBuildPhase section */

/* Begin PBXSourcesBuildPhase section */
		9B19AD2C1AEE60EC00DB9F46 /* Sources */ = {
			isa = PBXSourcesBuildPhase;
			buildActionMask = 2147483647;
			files = (
				9B19AD3C1AEE60EC00DB9F46 /* ViewController.m in Sources */,
				9BD572401B0C7998003A8B61 /* Tools.m in Sources */,
				9B588BC71B16D0D4001683FC /* GetContent.m in Sources */,
				9BACB6561B0B529C007216CB /* AllNewsDAO.m in Sources */,
				9B19AD391AEE60EC00DB9F46 /* AppDelegate.m in Sources */,
				9B19AD691AEE69E700DB9F46 /* NetworkBL.m in Sources */,
				9B9E09BA1AEF95790077FC2D /* NewsDetailToolBar.m in Sources */,
				9B9C364C1AF3047800107EA3 /* UIView+XTFrame.m in Sources */,
				9B7799DF1B14AEB400530249 /* ServerInterface.m in Sources */,
				9B19AD701AEE741000DB9F46 /* NewsShowCell.m in Sources */,
				9B8546BE1AEF165500E4E001 /* NewsDetailViewController.m in Sources */,
				9B58958B1AFB985D002428B8 /* NewsParserBL.m in Sources */,
				9B09CB441AFA391600DCB250 /* UIView+SDExtension.m in Sources */,
				9BE110D01AF3547F006D97B8 /* LeftViewCell.m in Sources */,
				9B5895931AFBB21D002428B8 /* NewsInfo.m in Sources */,
				9B7799DC1B148DBD00530249 /* NewsTypeDAO.m in Sources */,
				9B09CB411AFA391600DCB250 /* TAAnimatedDotView.m in Sources */,
				9B09CB401AFA391600DCB250 /* TAAbstractDotView.m in Sources */,
				9B09CB421AFA391600DCB250 /* TADotView.m in Sources */,
				9B09CB3E1AFA391600DCB250 /* SDCollectionViewCell.m in Sources */,
				9B9C364D1AF3047800107EA3 /* XTBlurView.m in Sources */,
				9B9C364B1AF3047800107EA3 /* UIImage+ImageEffects.m in Sources */,
				9B9C36551AF30BBA00107EA3 /* BJLeftViewController.m in Sources */,
				9B9C36491AF3047800107EA3 /* UIViewController+XTSideMenu.m in Sources */,
				9B780BF21B154EE20017CEA0 /* ChannelDetailTableViewController.m in Sources */,
				9B9C364A1AF3047800107EA3 /* XTSideMenu.m in Sources */,
				9B09CB431AFA391600DCB250 /* TAPageControl.m in Sources */,
				9B19AD361AEE60EC00DB9F46 /* main.m in Sources */,
				9B09CB3F1AFA391600DCB250 /* SDCycleScrollView.m in Sources */,
			);
			runOnlyForDeploymentPostprocessing = 0;
		};
		9B19AD451AEE60EC00DB9F46 /* Sources */ = {
			isa = PBXSourcesBuildPhase;
			buildActionMask = 2147483647;
			files = (
				9B19AD501AEE60EC00DB9F46 /* BaiDuBaiJiaTests.m in Sources */,
			);
			runOnlyForDeploymentPostprocessing = 0;
		};
/* End PBXSourcesBuildPhase section */

/* Begin PBXTargetDependency section */
		9B19AD4B1AEE60EC00DB9F46 /* PBXTargetDependency */ = {
			isa = PBXTargetDependency;
			target = 9B19AD2F1AEE60EC00DB9F46 /* BaiDuBaiJia */;
			targetProxy = 9B19AD4A1AEE60EC00DB9F46 /* PBXContainerItemProxy */;
		};
/* End PBXTargetDependency section */

/* Begin PBXVariantGroup section */
		9B19AD3D1AEE60EC00DB9F46 /* Main.storyboard */ = {
			isa = PBXVariantGroup;
			children = (
				9B19AD3E1AEE60EC00DB9F46 /* Base */,
			);
			name = Main.storyboard;
			sourceTree = "<group>";
		};
		9B19AD421AEE60EC00DB9F46 /* LaunchScreen.xib */ = {
			isa = PBXVariantGroup;
			children = (
				9B19AD431AEE60EC00DB9F46 /* Base */,
			);
			name = LaunchScreen.xib;
			sourceTree = "<group>";
		};
		9BACB6591B0B63AC007216CB /* UMSocialLocalizable.strings */ = {
			isa = PBXVariantGroup;
			children = (
				9BACB65A1B0B63AC007216CB /* en */,
				9BACB6721B0B63AC007216CB /* zh-Hans */,
			);
			name = UMSocialLocalizable.strings;
			sourceTree = "<group>";
		};
/* End PBXVariantGroup section */

/* Begin XCBuildConfiguration section */
		9B19AD511AEE60EC00DB9F46 /* Debug */ = {
			isa = XCBuildConfiguration;
			buildSettings = {
				ALWAYS_SEARCH_USER_PATHS = NO;
				CLANG_CXX_LANGUAGE_STANDARD = "gnu++0x";
				CLANG_CXX_LIBRARY = "libc++";
				CLANG_ENABLE_MODULES = YES;
				CLANG_ENABLE_OBJC_ARC = YES;
				CLANG_WARN_BOOL_CONVERSION = YES;
				CLANG_WARN_CONSTANT_CONVERSION = YES;
				CLANG_WARN_DIRECT_OBJC_ISA_USAGE = YES_ERROR;
				CLANG_WARN_EMPTY_BODY = YES;
				CLANG_WARN_ENUM_CONVERSION = YES;
				CLANG_WARN_INT_CONVERSION = YES;
				CLANG_WARN_OBJC_ROOT_CLASS = YES_ERROR;
				CLANG_WARN_UNREACHABLE_CODE = YES;
				CLANG_WARN__DUPLICATE_METHOD_MATCH = YES;
				CODE_SIGN_IDENTITY = "iPhone Developer";
				"CODE_SIGN_IDENTITY[sdk=iphoneos*]" = "iPhone Developer";
				COPY_PHASE_STRIP = NO;
				ENABLE_STRICT_OBJC_MSGSEND = YES;
				GCC_C_LANGUAGE_STANDARD = gnu99;
				GCC_DYNAMIC_NO_PIC = NO;
				GCC_OPTIMIZATION_LEVEL = 0;
				GCC_PREPROCESSOR_DEFINITIONS = (
					"DEBUG=1",
					"$(inherited)",
				);
				GCC_SYMBOLS_PRIVATE_EXTERN = NO;
				GCC_WARN_64_TO_32_BIT_CONVERSION = YES;
				GCC_WARN_ABOUT_RETURN_TYPE = YES_ERROR;
				GCC_WARN_UNDECLARED_SELECTOR = YES;
				GCC_WARN_UNINITIALIZED_AUTOS = YES_AGGRESSIVE;
				GCC_WARN_UNUSED_FUNCTION = YES;
				GCC_WARN_UNUSED_VARIABLE = YES;
				IPHONEOS_DEPLOYMENT_TARGET = 7.1;
				MTL_ENABLE_DEBUG_INFO = YES;
				ONLY_ACTIVE_ARCH = YES;
				SDKROOT = iphoneos;
			};
			name = Debug;
		};
		9B19AD521AEE60EC00DB9F46 /* Release */ = {
			isa = XCBuildConfiguration;
			buildSettings = {
				ALWAYS_SEARCH_USER_PATHS = NO;
				CLANG_CXX_LANGUAGE_STANDARD = "gnu++0x";
				CLANG_CXX_LIBRARY = "libc++";
				CLANG_ENABLE_MODULES = YES;
				CLANG_ENABLE_OBJC_ARC = YES;
				CLANG_WARN_BOOL_CONVERSION = YES;
				CLANG_WARN_CONSTANT_CONVERSION = YES;
				CLANG_WARN_DIRECT_OBJC_ISA_USAGE = YES_ERROR;
				CLANG_WARN_EMPTY_BODY = YES;
				CLANG_WARN_ENUM_CONVERSION = YES;
				CLANG_WARN_INT_CONVERSION = YES;
				CLANG_WARN_OBJC_ROOT_CLASS = YES_ERROR;
				CLANG_WARN_UNREACHABLE_CODE = YES;
				CLANG_WARN__DUPLICATE_METHOD_MATCH = YES;
				CODE_SIGN_IDENTITY = "iPhone Developer";
				"CODE_SIGN_IDENTITY[sdk=iphoneos*]" = "iPhone Developer";
				COPY_PHASE_STRIP = NO;
				ENABLE_NS_ASSERTIONS = NO;
				ENABLE_STRICT_OBJC_MSGSEND = YES;
				GCC_C_LANGUAGE_STANDARD = gnu99;
				GCC_WARN_64_TO_32_BIT_CONVERSION = YES;
				GCC_WARN_ABOUT_RETURN_TYPE = YES_ERROR;
				GCC_WARN_UNDECLARED_SELECTOR = YES;
				GCC_WARN_UNINITIALIZED_AUTOS = YES_AGGRESSIVE;
				GCC_WARN_UNUSED_FUNCTION = YES;
				GCC_WARN_UNUSED_VARIABLE = YES;
				IPHONEOS_DEPLOYMENT_TARGET = 7.1;
				MTL_ENABLE_DEBUG_INFO = NO;
				SDKROOT = iphoneos;
				VALIDATE_PRODUCT = YES;
			};
			name = Release;
		};
		9B19AD541AEE60EC00DB9F46 /* Debug */ = {
			isa = XCBuildConfiguration;
			baseConfigurationReference = 39E465BD8AE8E3BE0BD69BC1 /* Pods.debug.xcconfig */;
			buildSettings = {
				ASSETCATALOG_COMPILER_APPICON_NAME = AppIcon;
				ASSETCATALOG_COMPILER_LAUNCHIMAGE_NAME = LaunchImage;
				CODE_SIGN_IDENTITY = "iPhone Developer";
				"CODE_SIGN_IDENTITY[sdk=iphoneos*]" = "iPhone Developer";
				FRAMEWORK_SEARCH_PATHS = (
					"$(inherited)",
					"$(PROJECT_DIR)/BaiDuBaiJia/Lib/umeng_ios_social_sdk_4.2.2_arm64_custom/UMSocial_Sdk_Extra_Frameworks/TencentOpenAPI",
				);
				INFOPLIST_FILE = BaiDuBaiJia/Info.plist;
				IPHONEOS_DEPLOYMENT_TARGET = 7.0;
				LD_RUNPATH_SEARCH_PATHS = "$(inherited) @executable_path/Frameworks";
				LIBRARY_SEARCH_PATHS = (
					"$(inherited)",
					"$(PROJECT_DIR)/BaiDuBaiJia/Lib/umeng_ios_social_sdk_4.2.2_arm64_custom/UMSocial_Sdk_4.2.2",
					"$(PROJECT_DIR)/BaiDuBaiJia/Lib/umeng_ios_social_sdk_4.2.2_arm64_custom/UMSocial_Sdk_Extra_Frameworks/TencentOpenAPI",
					"$(PROJECT_DIR)/BaiDuBaiJia/Lib/umeng_ios_social_sdk_4.2.2_arm64_custom/UMSocial_Sdk_Extra_Frameworks/UMSocial_ScreenShot_Sdk",
					"$(PROJECT_DIR)/BaiDuBaiJia/Lib/umeng_ios_social_sdk_4.2.2_arm64_custom/UMSocial_Sdk_Extra_Frameworks/UMSocial_Shake_Sdk",
					"$(PROJECT_DIR)/BaiDuBaiJia/Lib/umeng_ios_social_sdk_4.2.2_arm64_custom/UMSocial_Sdk_Extra_Frameworks/Wechat",
					"$(PROJECT_DIR)/BaiDuBaiJia/Lib/umeng_ios_social_sdk_4.2.2_arm64_custom/UMSocial_Sdk_Extra_Frameworks/SinaSSO",
					"$(PROJECT_DIR)/BaiDuBaiJia/Lib/umeng_ios_social_sdk_4.2.2_arm64_custom/UMSocial_Sdk_Extra_Frameworks/Sina",
				);
				OTHER_LDFLAGS = (
					"$(inherited)",
					"-ObjC",
					"-l\"Pods-ASIHTTPRequest\"",
					"-l\"Pods-MBProgressHUD\"",
					"-l\"Pods-Reachability\"",
					"-l\"xml2.2\"",
					"-l\"z.1\"",
					"-framework",
					"\"CFNetwork\"",
					"-framework",
					"\"CoreGraphics\"",
					"-framework",
					"\"MobileCoreServices\"",
					"-framework",
					"\"SystemConfiguration\"",
				);
				PRODUCT_NAME = "$(TARGET_NAME)";
				PROVISIONING_PROFILE = "";
			};
			name = Debug;
		};
		9B19AD551AEE60EC00DB9F46 /* Release */ = {
			isa = XCBuildConfiguration;
			baseConfigurationReference = FFDAA37812B63F2382157D97 /* Pods.release.xcconfig */;
			buildSettings = {
				ASSETCATALOG_COMPILER_APPICON_NAME = AppIcon;
				ASSETCATALOG_COMPILER_LAUNCHIMAGE_NAME = LaunchImage;
				CODE_SIGN_IDENTITY = "iPhone Distribution: Lei Li (M892P9SSGG)";
				"CODE_SIGN_IDENTITY[sdk=iphoneos*]" = "iPhone Distribution: Lei Li (M892P9SSGG)";
				FRAMEWORK_SEARCH_PATHS = (
					"$(inherited)",
					"$(PROJECT_DIR)/BaiDuBaiJia/Lib/umeng_ios_social_sdk_4.2.2_arm64_custom/UMSocial_Sdk_Extra_Frameworks/TencentOpenAPI",
				);
				INFOPLIST_FILE = BaiDuBaiJia/Info.plist;
				IPHONEOS_DEPLOYMENT_TARGET = 7.0;
				LD_RUNPATH_SEARCH_PATHS = "$(inherited) @executable_path/Frameworks";
				LIBRARY_SEARCH_PATHS = (
					"$(inherited)",
					"$(PROJECT_DIR)/BaiDuBaiJia/Lib/umeng_ios_social_sdk_4.2.2_arm64_custom/UMSocial_Sdk_4.2.2",
					"$(PROJECT_DIR)/BaiDuBaiJia/Lib/umeng_ios_social_sdk_4.2.2_arm64_custom/UMSocial_Sdk_Extra_Frameworks/TencentOpenAPI",
					"$(PROJECT_DIR)/BaiDuBaiJia/Lib/umeng_ios_social_sdk_4.2.2_arm64_custom/UMSocial_Sdk_Extra_Frameworks/UMSocial_ScreenShot_Sdk",
					"$(PROJECT_DIR)/BaiDuBaiJia/Lib/umeng_ios_social_sdk_4.2.2_arm64_custom/UMSocial_Sdk_Extra_Frameworks/UMSocial_Shake_Sdk",
					"$(PROJECT_DIR)/BaiDuBaiJia/Lib/umeng_ios_social_sdk_4.2.2_arm64_custom/UMSocial_Sdk_Extra_Frameworks/Wechat",
					"$(PROJECT_DIR)/BaiDuBaiJia/Lib/umeng_ios_social_sdk_4.2.2_arm64_custom/UMSocial_Sdk_Extra_Frameworks/SinaSSO",
					"$(PROJECT_DIR)/BaiDuBaiJia/Lib/umeng_ios_social_sdk_4.2.2_arm64_custom/UMSocial_Sdk_Extra_Frameworks/Sina",
				);
				OTHER_LDFLAGS = (
					"$(inherited)",
					"-ObjC",
					"-l\"Pods-ASIHTTPRequest\"",
					"-l\"Pods-MBProgressHUD\"",
					"-l\"Pods-Reachability\"",
					"-l\"xml2.2\"",
					"-l\"z.1\"",
					"-framework",
					"\"CFNetwork\"",
					"-framework",
					"\"CoreGraphics\"",
					"-framework",
					"\"MobileCoreServices\"",
					"-framework",
					"\"SystemConfiguration\"",
				);
				PRODUCT_NAME = "$(TARGET_NAME)";
				PROVISIONING_PROFILE = "";
			};
			name = Release;
		};
		9B19AD571AEE60EC00DB9F46 /* Debug */ = {
			isa = XCBuildConfiguration;
			buildSettings = {
				BUNDLE_LOADER = "$(TEST_HOST)";
				FRAMEWORK_SEARCH_PATHS = (
					"$(SDKROOT)/Developer/Library/Frameworks",
					"$(inherited)",
				);
				GCC_PREPROCESSOR_DEFINITIONS = (
					"DEBUG=1",
					"$(inherited)",
				);
				INFOPLIST_FILE = BaiDuBaiJiaTests/Info.plist;
				LD_RUNPATH_SEARCH_PATHS = "$(inherited) @executable_path/Frameworks @loader_path/Frameworks";
				PRODUCT_NAME = "$(TARGET_NAME)";
				TEST_HOST = "$(BUILT_PRODUCTS_DIR)/BaiDuBaiJia.app/BaiDuBaiJia";
			};
			name = Debug;
		};
		9B19AD581AEE60EC00DB9F46 /* Release */ = {
			isa = XCBuildConfiguration;
			buildSettings = {
				BUNDLE_LOADER = "$(TEST_HOST)";
				FRAMEWORK_SEARCH_PATHS = (
					"$(SDKROOT)/Developer/Library/Frameworks",
					"$(inherited)",
				);
				INFOPLIST_FILE = BaiDuBaiJiaTests/Info.plist;
				LD_RUNPATH_SEARCH_PATHS = "$(inherited) @executable_path/Frameworks @loader_path/Frameworks";
				PRODUCT_NAME = "$(TARGET_NAME)";
				TEST_HOST = "$(BUILT_PRODUCTS_DIR)/BaiDuBaiJia.app/BaiDuBaiJia";
			};
			name = Release;
		};
/* End XCBuildConfiguration section */

/* Begin XCConfigurationList section */
		9B19AD2B1AEE60EB00DB9F46 /* Build configuration list for PBXProject "BaiDuBaiJia" */ = {
			isa = XCConfigurationList;
			buildConfigurations = (
				9B19AD511AEE60EC00DB9F46 /* Debug */,
				9B19AD521AEE60EC00DB9F46 /* Release */,
			);
			defaultConfigurationIsVisible = 0;
			defaultConfigurationName = Release;
		};
		9B19AD531AEE60EC00DB9F46 /* Build configuration list for PBXNativeTarget "BaiDuBaiJia" */ = {
			isa = XCConfigurationList;
			buildConfigurations = (
				9B19AD541AEE60EC00DB9F46 /* Debug */,
				9B19AD551AEE60EC00DB9F46 /* Release */,
			);
			defaultConfigurationIsVisible = 0;
			defaultConfigurationName = Release;
		};
		9B19AD561AEE60EC00DB9F46 /* Build configuration list for PBXNativeTarget "BaiDuBaiJiaTests" */ = {
			isa = XCConfigurationList;
			buildConfigurations = (
				9B19AD571AEE60EC00DB9F46 /* Debug */,
				9B19AD581AEE60EC00DB9F46 /* Release */,
			);
			defaultConfigurationIsVisible = 0;
			defaultConfigurationName = Release;
		};
/* End XCConfigurationList section */
	};
	rootObject = 9B19AD281AEE60EB00DB9F46 /* Project object */;
}
